// !$*UTF8*$!
{
	archiveVersion = 1;
	classes = {
	};
	objectVersion = 50;
	objects = {

/* Begin PBXBuildFile section */
		FC1E634625FB917E009DFBFD /* ipswtoolApp.swift in Sources */ = {isa = PBXBuildFile; fileRef = FC1E634525FB917E009DFBFD /* ipswtoolApp.swift */; };
		FC1E634825FB917E009DFBFD /* ContentView.swift in Sources */ = {isa = PBXBuildFile; fileRef = FC1E634725FB917E009DFBFD /* ContentView.swift */; };
		FC1E634A25FB917E009DFBFD /* Assets.xcassets in Resources */ = {isa = PBXBuildFile; fileRef = FC1E634925FB917E009DFBFD /* Assets.xcassets */; };
		FC1E634D25FB917E009DFBFD /* Preview Assets.xcassets in Resources */ = {isa = PBXBuildFile; fileRef = FC1E634C25FB917E009DFBFD /* Preview Assets.xcassets */; };
		FC75662D25FB926100CAF396 /* DownloadView.swift in Sources */ = {isa = PBXBuildFile; fileRef = FC75662C25FB926100CAF396 /* DownloadView.swift */; };
		FC75663025FB927100CAF396 /* ExtractView.swift in Sources */ = {isa = PBXBuildFile; fileRef = FC75662F25FB927100CAF396 /* ExtractView.swift */; };
/* End PBXBuildFile section */

/* Begin PBXFileReference section */
		FC1E634225FB917D009DFBFD /* ipswtool.app */ = {isa = PBXFileReference; explicitFileType = wrapper.application; includeInIndex = 0; path = ipswtool.app; sourceTree = BUILT_PRODUCTS_DIR; };
		FC1E634525FB917E009DFBFD /* ipswtoolApp.swift */ = {isa = PBXFileReference; lastKnownFileType = sourcecode.swift; path = ipswtoolApp.swift; sourceTree = "<group>"; };
		FC1E634725FB917E009DFBFD /* ContentView.swift */ = {isa = PBXFileReference; lastKnownFileType = sourcecode.swift; path = ContentView.swift; sourceTree = "<group>"; };
		FC1E634925FB917E009DFBFD /* Assets.xcassets */ = {isa = PBXFileReference; lastKnownFileType = folder.assetcatalog; path = Assets.xcassets; sourceTree = "<group>"; };
		FC1E634C25FB917E009DFBFD /* Preview Assets.xcassets */ = {isa = PBXFileReference; lastKnownFileType = folder.assetcatalog; path = "Preview Assets.xcassets"; sourceTree = "<group>"; };
		FC1E634E25FB917E009DFBFD /* Info.plist */ = {isa = PBXFileReference; lastKnownFileType = text.plist.xml; path = Info.plist; sourceTree = "<group>"; };
		FC1E634F25FB917E009DFBFD /* ipswtool.entitlements */ = {isa = PBXFileReference; lastKnownFileType = text.plist.entitlements; path = ipswtool.entitlements; sourceTree = "<group>"; };
		FC75662C25FB926100CAF396 /* DownloadView.swift */ = {isa = PBXFileReference; lastKnownFileType = sourcecode.swift; path = DownloadView.swift; sourceTree = "<group>"; };
		FC75662F25FB927100CAF396 /* ExtractView.swift */ = {isa = PBXFileReference; lastKnownFileType = sourcecode.swift; path = ExtractView.swift; sourceTree = "<group>"; };
/* End PBXFileReference section */

/* Begin PBXFrameworksBuildPhase section */
		FC1E633F25FB917D009DFBFD /* Frameworks */ = {
			isa = PBXFrameworksBuildPhase;
			buildActionMask = 2147483647;
			files = (
			);
			runOnlyForDeploymentPostprocessing = 0;
		};
/* End PBXFrameworksBuildPhase section */

/* Begin PBXGroup section */
		FC1E633925FB917D009DFBFD = {
			isa = PBXGroup;
			children = (
				FCCAB92325FBB4BA002FF05D /* assets */,
				FC1E634425FB917D009DFBFD /* ipswtool */,
				FC1E634325FB917D009DFBFD /* Products */,
			);
			sourceTree = "<group>";
		};
		FC1E634325FB917D009DFBFD /* Products */ = {
			isa = PBXGroup;
			children = (
				FC1E634225FB917D009DFBFD /* ipswtool.app */,
			);
			name = Products;
			sourceTree = "<group>";
		};
		FC1E634425FB917D009DFBFD /* ipswtool */ = {
			isa = PBXGroup;
			children = (
				FC1E634525FB917E009DFBFD /* ipswtoolApp.swift */,
				FC1E634725FB917E009DFBFD /* ContentView.swift */,
				FC1E634925FB917E009DFBFD /* Assets.xcassets */,
				FC1E634E25FB917E009DFBFD /* Info.plist */,
				FC1E634F25FB917E009DFBFD /* ipswtool.entitlements */,
				FC1E634B25FB917E009DFBFD /* Preview Content */,
				FC75662C25FB926100CAF396 /* DownloadView.swift */,
				FC75662F25FB927100CAF396 /* ExtractView.swift */,
			);
			path = ipswtool;
			sourceTree = "<group>";
		};
		FC1E634B25FB917E009DFBFD /* Preview Content */ = {
			isa = PBXGroup;
			children = (
				FC1E634C25FB917E009DFBFD /* Preview Assets.xcassets */,
			);
			path = "Preview Content";
			sourceTree = "<group>";
		};
		FCCAB92325FBB4BA002FF05D /* assets */ = {
			isa = PBXGroup;
			children = (
			);
			path = assets;
			sourceTree = "<group>";
		};
/* End PBXGroup section */

/* Begin PBXNativeTarget section */
		FC1E634125FB917D009DFBFD /* ipswtool */ = {
			isa = PBXNativeTarget;
			buildConfigurationList = FC1E635225FB917E009DFBFD /* Build configuration list for PBXNativeTarget "ipswtool" */;
			buildPhases = (
				FC1E633E25FB917D009DFBFD /* Sources */,
				FC1E633F25FB917D009DFBFD /* Frameworks */,
				FC1E634025FB917D009DFBFD /* Resources */,
			);
			buildRules = (
			);
			dependencies = (
			);
			name = ipswtool;
			productName = ipswtool;
			productReference = FC1E634225FB917D009DFBFD /* ipswtool.app */;
			productType = "com.apple.product-type.application";
		};
/* End PBXNativeTarget section */

/* Begin PBXProject section */
		FC1E633A25FB917D009DFBFD /* Project object */ = {
			isa = PBXProject;
			attributes = {
				LastSwiftUpdateCheck = 1230;
				LastUpgradeCheck = 1230;
				TargetAttributes = {
					FC1E634125FB917D009DFBFD = {
						CreatedOnToolsVersion = 12.3;
					};
				};
			};
			buildConfigurationList = FC1E633D25FB917D009DFBFD /* Build configuration list for PBXProject "ipswtool" */;
			compatibilityVersion = "Xcode 9.3";
			developmentRegion = en;
			hasScannedForEncodings = 0;
			knownRegions = (
				en,
				Base,
			);
			mainGroup = FC1E633925FB917D009DFBFD;
			productRefGroup = FC1E634325FB917D009DFBFD /* Products */;
			projectDirPath = "";
			projectRoot = "";
			targets = (
				FC1E634125FB917D009DFBFD /* ipswtool */,
			);
		};
/* End PBXProject section */

/* Begin PBXResourcesBuildPhase section */
		FC1E634025FB917D009DFBFD /* Resources */ = {
			isa = PBXResourcesBuildPhase;
			buildActionMask = 2147483647;
			files = (
				FC1E634D25FB917E009DFBFD /* Preview Assets.xcassets in Resources */,
				FC1E634A25FB917E009DFBFD /* Assets.xcassets in Resources */,
			);
			runOnlyForDeploymentPostprocessing = 0;
		};
/* End PBXResourcesBuildPhase section */

/* Begin PBXSourcesBuildPhase section */
		FC1E633E25FB917D009DFBFD /* Sources */ = {
			isa = PBXSourcesBuildPhase;
			buildActionMask = 2147483647;
			files = (
				FC75662D25FB926100CAF396 /* DownloadView.swift in Sources */,
				FC1E634825FB917E009DFBFD /* ContentView.swift in Sources */,
				FC75663025FB927100CAF396 /* ExtractView.swift in Sources */,
				FC1E634625FB917E009DFBFD /* ipswtoolApp.swift in Sources */,
			);
			runOnlyForDeploymentPostprocessing = 0;
		};
/* End PBXSourcesBuildPhase section */

/* Begin XCBuildConfiguration section */
		FC1E635025FB917E009DFBFD /* Debug */ = {
			isa = XCBuildConfiguration;
			buildSettings = {
				ALWAYS_SEARCH_USER_PATHS = NO;
				CLANG_ANALYZER_NONNULL = YES;
				CLANG_ANALYZER_NUMBER_OBJECT_CONVERSION = YES_AGGRESSIVE;
				CLANG_CXX_LANGUAGE_STANDARD = "gnu++14";
				CLANG_CXX_LIBRARY = "libc++";
				CLANG_ENABLE_MODULES = YES;
				CLANG_ENABLE_OBJC_ARC = YES;
				CLANG_ENABLE_OBJC_WEAK = YES;
				CLANG_WARN_BLOCK_CAPTURE_AUTORELEASING = YES;
				CLANG_WARN_BOOL_CONVERSION = YES;
				CLANG_WARN_COMMA = YES;
				CLANG_WARN_CONSTANT_CONVERSION = YES;
				CLANG_WARN_DEPRECATED_OBJC_IMPLEMENTATIONS = YES;
				CLANG_WARN_DIRECT_OBJC_ISA_USAGE = YES_ERROR;
				CLANG_WARN_DOCUMENTATION_COMMENTS = YES;
				CLANG_WARN_EMPTY_BODY = YES;
				CLANG_WARN_ENUM_CONVERSION = YES;
				CLANG_WARN_INFINITE_RECURSION = YES;
				CLANG_WARN_INT_CONVERSION = YES;
				CLANG_WARN_NON_LITERAL_NULL_CONVERSION = YES;
				CLANG_WARN_OBJC_IMPLICIT_RETAIN_SELF = YES;
				CLANG_WARN_OBJC_LITERAL_CONVERSION = YES;
				CLANG_WARN_OBJC_ROOT_CLASS = YES_ERROR;
				CLANG_WARN_QUOTED_INCLUDE_IN_FRAMEWORK_HEADER = YES;
				CLANG_WARN_RANGE_LOOP_ANALYSIS = YES;
				CLANG_WARN_STRICT_PROTOTYPES = YES;
				CLANG_WARN_SUSPICIOUS_MOVE = YES;
				CLANG_WARN_UNGUARDED_AVAILABILITY = YES_AGGRESSIVE;
				CLANG_WARN_UNREACHABLE_CODE = YES;
				CLANG_WARN__DUPLICATE_METHOD_MATCH = YES;
				COPY_PHASE_STRIP = NO;
				DEBUG_INFORMATION_FORMAT = dwarf;
				ENABLE_STRICT_OBJC_MSGSEND = YES;
				ENABLE_TESTABILITY = YES;
				GCC_C_LANGUAGE_STANDARD = gnu11;
				GCC_DYNAMIC_NO_PIC = NO;
				GCC_NO_COMMON_BLOCKS = YES;
				GCC_OPTIMIZATION_LEVEL = 0;
				GCC_PREPROCESSOR_DEFINITIONS = (
					"DEBUG=1",
					"$(inherited)",
				);
				GCC_WARN_64_TO_32_BIT_CONVERSION = YES;
				GCC_WARN_ABOUT_RETURN_TYPE = YES_ERROR;
				GCC_WARN_UNDECLARED_SELECTOR = YES;
				GCC_WARN_UNINITIALIZED_AUTOS = YES_AGGRESSIVE;
				GCC_WARN_UNUSED_FUNCTION = YES;
				GCC_WARN_UNUSED_VARIABLE = YES;
				MACOSX_DEPLOYMENT_TARGET = 11.1;
				MTL_ENABLE_DEBUG_INFO = INCLUDE_SOURCE;
				MTL_FAST_MATH = YES;
				ONLY_ACTIVE_ARCH = YES;
				SDKROOT = macosx;
				SWIFT_ACTIVE_COMPILATION_CONDITIONS = DEBUG;
				SWIFT_OPTIMIZATION_LEVEL = "-Onone";
			};
			name = Debug;
		};
		FC1E635125FB917E009DFBFD /* Release */ = {
			isa = XCBuildConfiguration;
			buildSettings = {
				ALWAYS_SEARCH_USER_PATHS = NO;
				CLANG_ANALYZER_NONNULL = YES;
				CLANG_ANALYZER_NUMBER_OBJECT_CONVERSION = YES_AGGRESSIVE;
				CLANG_CXX_LANGUAGE_STANDARD = "gnu++14";
				CLANG_CXX_LIBRARY = "libc++";
				CLANG_ENABLE_MODULES = YES;
				CLANG_ENABLE_OBJC_ARC = YES;
				CLANG_ENABLE_OBJC_WEAK = YES;
				CLANG_WARN_BLOCK_CAPTURE_AUTORELEASING = YES;
				CLANG_WARN_BOOL_CONVERSION = YES;
				CLANG_WARN_COMMA = YES;
				CLANG_WARN_CONSTANT_CONVERSION = YES;
				CLANG_WARN_DEPRECATED_OBJC_IMPLEMENTATIONS = YES;
				CLANG_WARN_DIRECT_OBJC_ISA_USAGE = YES_ERROR;
				CLANG_WARN_DOCUMENTATION_COMMENTS = YES;
				CLANG_WARN_EMPTY_BODY = YES;
				CLANG_WARN_ENUM_CONVERSION = YES;
				CLANG_WARN_INFINITE_RECURSION = YES;
				CLANG_WARN_INT_CONVERSION = YES;
				CLANG_WARN_NON_LITERAL_NULL_CONVERSION = YES;
				CLANG_WARN_OBJC_IMPLICIT_RETAIN_SELF = YES;
				CLANG_WARN_OBJC_LITERAL_CONVERSION = YES;
				CLANG_WARN_OBJC_ROOT_CLASS = YES_ERROR;
				CLANG_WARN_QUOTED_INCLUDE_IN_FRAMEWORK_HEADER = YES;
				CLANG_WARN_RANGE_LOOP_ANALYSIS = YES;
				CLANG_WARN_STRICT_PROTOTYPES = YES;
				CLANG_WARN_SUSPICIOUS_MOVE = YES;
				CLANG_WARN_UNGUARDED_AVAILABILITY = YES_AGGRESSIVE;
				CLANG_WARN_UNREACHABLE_CODE = YES;
				CLANG_WARN__DUPLICATE_METHOD_MATCH = YES;
				COPY_PHASE_STRIP = NO;
				DEBUG_INFORMATION_FORMAT = "dwarf-with-dsym";
				ENABLE_NS_ASSERTIONS = NO;
				ENABLE_STRICT_OBJC_MSGSEND = YES;
				GCC_C_LANGUAGE_STANDARD = gnu11;
				GCC_NO_COMMON_BLOCKS = YES;
				GCC_WARN_64_TO_32_BIT_CONVERSION = YES;
				GCC_WARN_ABOUT_RETURN_TYPE = YES_ERROR;
				GCC_WARN_UNDECLARED_SELECTOR = YES;
				GCC_WARN_UNINITIALIZED_AUTOS = YES_AGGRESSIVE;
				GCC_WARN_UNUSED_FUNCTION = YES;
				GCC_WARN_UNUSED_VARIABLE = YES;
				MACOSX_DEPLOYMENT_TARGET = 11.1;
				MTL_ENABLE_DEBUG_INFO = NO;
				MTL_FAST_MATH = YES;
				SDKROOT = macosx;
				SWIFT_COMPILATION_MODE = wholemodule;
				SWIFT_OPTIMIZATION_LEVEL = "-O";
			};
			name = Release;
		};
		FC1E635325FB917E009DFBFD /* Debug */ = {
			isa = XCBuildConfiguration;
			buildSettings = {
				ASSETCATALOG_COMPILER_APPICON_NAME = AppIcon;
				ASSETCATALOG_COMPILER_GLOBAL_ACCENT_COLOR_NAME = AccentColor;
				CODE_SIGN_ENTITLEMENTS = ipswtool/ipswtool.entitlements;
				CODE_SIGN_STYLE = Automatic;
				COMBINE_HIDPI_IMAGES = YES;
				DEVELOPMENT_ASSET_PATHS = "\"ipswtool/Preview Content\"";
				DEVELOPMENT_TEAM = 6U62KX7862;
				ENABLE_HARDENED_RUNTIME = YES;
				ENABLE_PREVIEWS = YES;
				INFOPLIST_FILE = ipswtool/Info.plist;
				LD_RUNPATH_SEARCH_PATHS = (
					"$(inherited)",
					"@executable_path/../Frameworks",
				);
				MACOSX_DEPLOYMENT_TARGET = 11.0;
				PRODUCT_BUNDLE_IDENTIFIER = fxrcha.ipswtool;
				PRODUCT_NAME = "$(TARGET_NAME)";
				SWIFT_VERSION = 5.0;
			};
			name = Debug;
		};
		FC1E635425FB917E009DFBFD /* Release */ = {
			isa = XCBuildConfiguration;
			buildSettings = {
				ASSETCATALOG_COMPILER_APPICON_NAME = AppIcon;
				ASSETCATALOG_COMPILER_GLOBAL_ACCENT_COLOR_NAME = AccentColor;
				CODE_SIGN_ENTITLEMENTS = ipswtool/ipswtool.entitlements;
				CODE_SIGN_STYLE = Automatic;
				COMBINE_HIDPI_IMAGES = YES;
				DEVELOPMENT_ASSET_PATHS = "\"ipswtool/Preview Content\"";
				DEVELOPMENT_TEAM = 6U62KX7862;
				ENABLE_HARDENED_RUNTIME = YES;
				ENABLE_PREVIEWS = YES;
				INFOPLIST_FILE = ipswtool/Info.plist;
				LD_RUNPATH_SEARCH_PATHS = (
					"$(inherited)",
					"@executable_path/../Frameworks",
				);
				MACOSX_DEPLOYMENT_TARGET = 11.0;
				PRODUCT_BUNDLE_IDENTIFIER = fxrcha.ipswtool;
				PRODUCT_NAME = "$(TARGET_NAME)";
				SWIFT_VERSION = 5.0;
			};
			name = Release;
		};
/* End XCBuildConfiguration section */

/* Begin XCConfigurationList section */
		FC1E633D25FB917D009DFBFD /* Build configuration list for PBXProject "ipswtool" */ = {
			isa = XCConfigurationList;
			buildConfigurations = (
				FC1E635025FB917E009DFBFD /* Debug */,
				FC1E635125FB917E009DFBFD /* Release */,
			);
			defaultConfigurationIsVisible = 0;
			defaultConfigurationName = Release;
		};
		FC1E635225FB917E009DFBFD /* Build configuration list for PBXNativeTarget "ipswtool" */ = {
			isa = XCConfigurationList;
			buildConfigurations = (
				FC1E635325FB917E009DFBFD /* Debug */,
				FC1E635425FB917E009DFBFD /* Release */,
			);
			defaultConfigurationIsVisible = 0;
			defaultConfigurationName = Release;
		};
/* End XCConfigurationList section */
	};
	rootObject = FC1E633A25FB917D009DFBFD /* Project object */;
}
