// !$*UTF8*$!
{
	archiveVersion = 1;
	classes = {
	};
	objectVersion = 50;
	objects = {

/* Begin PBXBuildFile section */
		FC1E634625FB917E009DFBFD /* ipswtoolApp.swift in Sources */ = {isa = PBXBuildFile; fileRef = FC1E634525FB917E009DFBFD /* ipswtoolApp.swift */; };
		FC1E634825FB917E009DFBFD /* ContentView.swift in Sources */ = {isa = PBXBuildFile; fileRef = FC1E634725FB917E009DFBFD /* ContentView.swift */; };
		FC1E634A25FB917E009DFBFD /* Assets.xcassets in Resources */ = {isa = PBXBuildFile; fileRef = FC1E634925FB917E009DFBFD /* Assets.xcassets */; };
		FC1E634D25FB917E009DFBFD /* Preview Assets.xcassets in Resources */ = {isa = PBXBuildFile; fileRef = FC1E634C25FB917E009DFBFD /* Preview Assets.xcassets */; };
		FC75662D25FB926100CAF396 /* DownloadView.swift in Sources */ = {isa = PBXBuildFile; fileRef = FC75662C25FB926100CAF396 /* DownloadView.swift */; };
		FC75663025FB927100CAF396 /* ExtractView.swift in Sources */ = {isa = PBXBuildFile; fileRef = FC75662F25FB927100CAF396 /* ExtractView.swift */; };
		FC7566AE25FBE4A100CAF396 /* iPad13,2.png in Resources */ = {isa = PBXBuildFile; fileRef = FC75663925FBE49800CAF396 /* iPad13,2.png */; };
		FC7566AF25FBE4A100CAF396 /* iPad7,4.png in Resources */ = {isa = PBXBuildFile; fileRef = FC75663A25FBE49800CAF396 /* iPad7,4.png */; };
		FC7566B025FBE4A100CAF396 /* iPad8,2.png in Resources */ = {isa = PBXBuildFile; fileRef = FC75663B25FBE49800CAF396 /* iPad8,2.png */; };
		FC7566B125FBE4A100CAF396 /* iPad8,12.png in Resources */ = {isa = PBXBuildFile; fileRef = FC75663C25FBE49800CAF396 /* iPad8,12.png */; };
		FC7566B225FBE4A100CAF396 /* iPhone5,2.png in Resources */ = {isa = PBXBuildFile; fileRef = FC75663D25FBE49800CAF396 /* iPhone5,2.png */; };
		FC7566B325FBE4A100CAF396 /* iPad2,7.png in Resources */ = {isa = PBXBuildFile; fileRef = FC75663E25FBE49800CAF396 /* iPad2,7.png */; };
		FC7566B425FBE4A100CAF396 /* AppleTV5,3.png in Resources */ = {isa = PBXBuildFile; fileRef = FC75663F25FBE49800CAF396 /* AppleTV5,3.png */; };
		FC7566B525FBE4A100CAF396 /* iPhone11,8.png in Resources */ = {isa = PBXBuildFile; fileRef = FC75664025FBE49800CAF396 /* iPhone11,8.png */; };
		FC7566B625FBE4A100CAF396 /* iPad6,3.png in Resources */ = {isa = PBXBuildFile; fileRef = FC75664125FBE49900CAF396 /* iPad6,3.png */; };
		FC7566B725FBE4A100CAF396 /* MacBookPro17,1.png in Resources */ = {isa = PBXBuildFile; fileRef = FC75664225FBE49900CAF396 /* MacBookPro17,1.png */; };
		FC7566B825FBE4A100CAF396 /* iPad1,1.png in Resources */ = {isa = PBXBuildFile; fileRef = FC75664325FBE49900CAF396 /* iPad1,1.png */; };
		FC7566B925FBE4A100CAF396 /* iPhone13,3.png in Resources */ = {isa = PBXBuildFile; fileRef = FC75664425FBE49900CAF396 /* iPhone13,3.png */; };
		FC7566BA25FBE4A100CAF396 /* iPad6,12.png in Resources */ = {isa = PBXBuildFile; fileRef = FC75664525FBE49900CAF396 /* iPad6,12.png */; };
		FC7566BB25FBE4A100CAF396 /* iPad5,1.png in Resources */ = {isa = PBXBuildFile; fileRef = FC75664625FBE49900CAF396 /* iPad5,1.png */; };
		FC7566BC25FBE4A100CAF396 /* iPad2,5.png in Resources */ = {isa = PBXBuildFile; fileRef = FC75664725FBE49900CAF396 /* iPad2,5.png */; };
		FC7566BD25FBE4A100CAF396 /* iPod2,1.png in Resources */ = {isa = PBXBuildFile; fileRef = FC75664825FBE49900CAF396 /* iPod2,1.png */; };
		FC7566BE25FBE4A100CAF396 /* iPhone5,1.png in Resources */ = {isa = PBXBuildFile; fileRef = FC75664925FBE49900CAF396 /* iPhone5,1.png */; };
		FC7566BF25FBE4A100CAF396 /* AppleTV2,1.png in Resources */ = {isa = PBXBuildFile; fileRef = FC75664A25FBE49900CAF396 /* AppleTV2,1.png */; };
		FC7566C025FBE4A100CAF396 /* iPad2,6.png in Resources */ = {isa = PBXBuildFile; fileRef = FC75664B25FBE49900CAF396 /* iPad2,6.png */; };
		FC7566C125FBE4A100CAF396 /* iPhone10,2.png in Resources */ = {isa = PBXBuildFile; fileRef = FC75664C25FBE49900CAF396 /* iPhone10,2.png */; };
		FC7566C225FBE4A100CAF396 /* iPad8,10.png in Resources */ = {isa = PBXBuildFile; fileRef = FC75664D25FBE49900CAF396 /* iPad8,10.png */; };
		FC7566C325FBE4A100CAF396 /* iPhone11,6.png in Resources */ = {isa = PBXBuildFile; fileRef = FC75664E25FBE49900CAF396 /* iPhone11,6.png */; };
		FC7566C425FBE4A100CAF396 /* iPhone12,5.png in Resources */ = {isa = PBXBuildFile; fileRef = FC75664F25FBE49900CAF396 /* iPhone12,5.png */; };
		FC7566C525FBE4A100CAF396 /* iPhone1,2.png in Resources */ = {isa = PBXBuildFile; fileRef = FC75665025FBE49900CAF396 /* iPhone1,2.png */; };
		FC7566C625FBE4A100CAF396 /* iPhone7,1.png in Resources */ = {isa = PBXBuildFile; fileRef = FC75665125FBE49900CAF396 /* iPhone7,1.png */; };
		FC7566C725FBE4A100CAF396 /* iPod5,1.png in Resources */ = {isa = PBXBuildFile; fileRef = FC75665225FBE49A00CAF396 /* iPod5,1.png */; };
		FC7566C825FBE4A100CAF396 /* iPad4,8.png in Resources */ = {isa = PBXBuildFile; fileRef = FC75665325FBE49A00CAF396 /* iPad4,8.png */; };
		FC7566C925FBE4A100CAF396 /* iPad4,6.png in Resources */ = {isa = PBXBuildFile; fileRef = FC75665425FBE49A00CAF396 /* iPad4,6.png */; };
		FC7566CA25FBE4A100CAF396 /* iPad8,11.png in Resources */ = {isa = PBXBuildFile; fileRef = FC75665525FBE49A00CAF396 /* iPad8,11.png */; };
		FC7566CB25FBE4A100CAF396 /* AppleTV3,1.png in Resources */ = {isa = PBXBuildFile; fileRef = FC75665625FBE49A00CAF396 /* AppleTV3,1.png */; };
		FC7566CC25FBE4A100CAF396 /* iPad8,6.png in Resources */ = {isa = PBXBuildFile; fileRef = FC75665725FBE49A00CAF396 /* iPad8,6.png */; };
		FC7566CD25FBE4A100CAF396 /* iPod9,1.png in Resources */ = {isa = PBXBuildFile; fileRef = FC75665825FBE49A00CAF396 /* iPod9,1.png */; };
		FC7566CE25FBE4A100CAF396 /* iPhone13,2.png in Resources */ = {isa = PBXBuildFile; fileRef = FC75665925FBE49A00CAF396 /* iPhone13,2.png */; };
		FC7566CF25FBE4A100CAF396 /* iPod3,1.png in Resources */ = {isa = PBXBuildFile; fileRef = FC75665A25FBE49A00CAF396 /* iPod3,1.png */; };
		FC7566D025FBE4A100CAF396 /* iPad6,7.png in Resources */ = {isa = PBXBuildFile; fileRef = FC75665B25FBE49A00CAF396 /* iPad6,7.png */; };
		FC7566D125FBE4A100CAF396 /* iPad8,7.png in Resources */ = {isa = PBXBuildFile; fileRef = FC75665C25FBE49A00CAF396 /* iPad8,7.png */; };
		FC7566D225FBE4A100CAF396 /* iPad3,1.png in Resources */ = {isa = PBXBuildFile; fileRef = FC75665D25FBE49A00CAF396 /* iPad3,1.png */; };
		FC7566D325FBE4A100CAF396 /* iPad11,3.png in Resources */ = {isa = PBXBuildFile; fileRef = FC75665E25FBE49A00CAF396 /* iPad11,3.png */; };
		FC7566D425FBE4A100CAF396 /* iPhone6,1.png in Resources */ = {isa = PBXBuildFile; fileRef = FC75665F25FBE49A00CAF396 /* iPhone6,1.png */; };
		FC7566D525FBE4A100CAF396 /* iPad5,2.png in Resources */ = {isa = PBXBuildFile; fileRef = FC75666025FBE49A00CAF396 /* iPad5,2.png */; };
		FC7566D625FBE4A100CAF396 /* iPad4,9.png in Resources */ = {isa = PBXBuildFile; fileRef = FC75666125FBE49B00CAF396 /* iPad4,9.png */; };
		FC7566D725FBE4A100CAF396 /* iPhone4,1.png in Resources */ = {isa = PBXBuildFile; fileRef = FC75666225FBE49B00CAF396 /* iPhone4,1.png */; };
		FC7566D825FBE4A100CAF396 /* iPhone6,2.png in Resources */ = {isa = PBXBuildFile; fileRef = FC75666325FBE49B00CAF396 /* iPhone6,2.png */; };
		FC7566D925FBE4A100CAF396 /* iPad4,4.png in Resources */ = {isa = PBXBuildFile; fileRef = FC75666425FBE49B00CAF396 /* iPad4,4.png */; };
		FC7566DA25FBE4A100CAF396 /* iPad3,2.png in Resources */ = {isa = PBXBuildFile; fileRef = FC75666525FBE49B00CAF396 /* iPad3,2.png */; };
		FC7566DB25FBE4A100CAF396 /* iPad4,1.png in Resources */ = {isa = PBXBuildFile; fileRef = FC75666625FBE49B00CAF396 /* iPad4,1.png */; };
		FC7566DC25FBE4A100CAF396 /* iPhone2,1.png in Resources */ = {isa = PBXBuildFile; fileRef = FC75666725FBE49B00CAF396 /* iPhone2,1.png */; };
		FC7566DD25FBE4A100CAF396 /* iPod7,1.png in Resources */ = {isa = PBXBuildFile; fileRef = FC75666825FBE49B00CAF396 /* iPod7,1.png */; };
		FC7566DE25FBE4A100CAF396 /* iPhone10,1.png in Resources */ = {isa = PBXBuildFile; fileRef = FC75666925FBE49B00CAF396 /* iPhone10,1.png */; };
		FC7566DF25FBE4A100CAF396 /* Macmini9,1.png in Resources */ = {isa = PBXBuildFile; fileRef = FC75666A25FBE49B00CAF396 /* Macmini9,1.png */; };
		FC7566E025FBE4A100CAF396 /* iPad7,1.png in Resources */ = {isa = PBXBuildFile; fileRef = FC75666B25FBE49B00CAF396 /* iPad7,1.png */; };
		FC7566E125FBE4A100CAF396 /* iPhone8,1.png in Resources */ = {isa = PBXBuildFile; fileRef = FC75666C25FBE49B00CAF396 /* iPhone8,1.png */; };
		FC7566E225FBE4A100CAF396 /* iPad7,11.png in Resources */ = {isa = PBXBuildFile; fileRef = FC75666D25FBE49B00CAF396 /* iPad7,11.png */; };
		FC7566E325FBE4A100CAF396 /* iPad8,1.png in Resources */ = {isa = PBXBuildFile; fileRef = FC75666E25FBE49B00CAF396 /* iPad8,1.png */; };
		FC7566E425FBE4A100CAF396 /* iPad4,3.png in Resources */ = {isa = PBXBuildFile; fileRef = FC75666F25FBE49C00CAF396 /* iPad4,3.png */; };
		FC7566E525FBE4A100CAF396 /* iPad2,3.png in Resources */ = {isa = PBXBuildFile; fileRef = FC75667025FBE49C00CAF396 /* iPad2,3.png */; };
		FC7566E625FBE4A100CAF396 /* iPad2,4.png in Resources */ = {isa = PBXBuildFile; fileRef = FC75667125FBE49C00CAF396 /* iPad2,4.png */; };
		FC7566E725FBE4A100CAF396 /* iPad5,3.png in Resources */ = {isa = PBXBuildFile; fileRef = FC75667225FBE49C00CAF396 /* iPad5,3.png */; };
		FC7566E825FBE4A100CAF396 /* iPhone9,3.png in Resources */ = {isa = PBXBuildFile; fileRef = FC75667325FBE49C00CAF396 /* iPhone9,3.png */; };
		FC7566E925FBE4A100CAF396 /* iPhone11,2.png in Resources */ = {isa = PBXBuildFile; fileRef = FC75667425FBE49C00CAF396 /* iPhone11,2.png */; };
		FC7566EA25FBE4A100CAF396 /* iPhone12,8.png in Resources */ = {isa = PBXBuildFile; fileRef = FC75667525FBE49C00CAF396 /* iPhone12,8.png */; };
		FC7566EB25FBE4A100CAF396 /* iPad7,2.png in Resources */ = {isa = PBXBuildFile; fileRef = FC75667625FBE49C00CAF396 /* iPad7,2.png */; };
		FC7566EC25FBE4A100CAF396 /* iPad7,5.png in Resources */ = {isa = PBXBuildFile; fileRef = FC75667725FBE49C00CAF396 /* iPad7,5.png */; };
		FC7566ED25FBE4A100CAF396 /* iPad7,3.png in Resources */ = {isa = PBXBuildFile; fileRef = FC75667825FBE49C00CAF396 /* iPad7,3.png */; };
		FC7566EE25FBE4A100CAF396 /* iPhone7,2.png in Resources */ = {isa = PBXBuildFile; fileRef = FC75667925FBE49C00CAF396 /* iPhone7,2.png */; };
		FC7566EF25FBE4A100CAF396 /* iPhone10,4.png in Resources */ = {isa = PBXBuildFile; fileRef = FC75667A25FBE49C00CAF396 /* iPhone10,4.png */; };
		FC7566F025FBE4A100CAF396 /* iPhone5,4.png in Resources */ = {isa = PBXBuildFile; fileRef = FC75667B25FBE49D00CAF396 /* iPhone5,4.png */; };
		FC7566F125FBE4A100CAF396 /* iPad6,8.png in Resources */ = {isa = PBXBuildFile; fileRef = FC75667C25FBE49D00CAF396 /* iPad6,8.png */; };
		FC7566F225FBE4A100CAF396 /* iPhone10,6.png in Resources */ = {isa = PBXBuildFile; fileRef = FC75667D25FBE49D00CAF396 /* iPhone10,6.png */; };
		FC7566F325FBE4A100CAF396 /* AppleTV3,2.png in Resources */ = {isa = PBXBuildFile; fileRef = FC75667E25FBE49D00CAF396 /* AppleTV3,2.png */; };
		FC7566F425FBE4A100CAF396 /* iPad11,7.png in Resources */ = {isa = PBXBuildFile; fileRef = FC75667F25FBE49D00CAF396 /* iPad11,7.png */; };
		FC7566F525FBE4A100CAF396 /* iPad11,2.png in Resources */ = {isa = PBXBuildFile; fileRef = FC75668025FBE49D00CAF396 /* iPad11,2.png */; };
		FC7566F625FBE4A100CAF396 /* iPhone13,4.png in Resources */ = {isa = PBXBuildFile; fileRef = FC75668125FBE49D00CAF396 /* iPhone13,4.png */; };
		FC7566F725FBE4A100CAF396 /* iPhone8,2.png in Resources */ = {isa = PBXBuildFile; fileRef = FC75668225FBE49D00CAF396 /* iPhone8,2.png */; };
		FC7566F825FBE4A100CAF396 /* iPhone1,1.png in Resources */ = {isa = PBXBuildFile; fileRef = FC75668325FBE49D00CAF396 /* iPhone1,1.png */; };
		FC7566F925FBE4A100CAF396 /* iPad3,4.png in Resources */ = {isa = PBXBuildFile; fileRef = FC75668425FBE49D00CAF396 /* iPad3,4.png */; };
		FC7566FA25FBE4A100CAF396 /* iPad2,1.png in Resources */ = {isa = PBXBuildFile; fileRef = FC75668525FBE49D00CAF396 /* iPad2,1.png */; };
		FC7566FB25FBE4A100CAF396 /* iPhone12,1.png in Resources */ = {isa = PBXBuildFile; fileRef = FC75668625FBE49E00CAF396 /* iPhone12,1.png */; };
		FC7566FC25FBE4A100CAF396 /* MacBookAir10,1.png in Resources */ = {isa = PBXBuildFile; fileRef = FC75668725FBE49E00CAF396 /* MacBookAir10,1.png */; };
		FC7566FD25FBE4A100CAF396 /* iPad4,7.png in Resources */ = {isa = PBXBuildFile; fileRef = FC75668825FBE49E00CAF396 /* iPad4,7.png */; };
		FC7566FE25FBE4A100CAF396 /* iPad13,1.png in Resources */ = {isa = PBXBuildFile; fileRef = FC75668925FBE49E00CAF396 /* iPad13,1.png */; };
		FC7566FF25FBE4A100CAF396 /* iPhone9,1.png in Resources */ = {isa = PBXBuildFile; fileRef = FC75668A25FBE49E00CAF396 /* iPhone9,1.png */; };
		FC75670025FBE4A100CAF396 /* iPad7,12.png in Resources */ = {isa = PBXBuildFile; fileRef = FC75668B25FBE49E00CAF396 /* iPad7,12.png */; };
		FC75670125FBE4A100CAF396 /* iPad3,6.png in Resources */ = {isa = PBXBuildFile; fileRef = FC75668C25FBE49E00CAF396 /* iPad3,6.png */; };
		FC75670225FBE4A100CAF396 /* iPad11,1.png in Resources */ = {isa = PBXBuildFile; fileRef = FC75668D25FBE49E00CAF396 /* iPad11,1.png */; };
		FC75670325FBE4A100CAF396 /* iPad6,11.png in Resources */ = {isa = PBXBuildFile; fileRef = FC75668E25FBE49E00CAF396 /* iPad6,11.png */; };
		FC75670425FBE4A100CAF396 /* iPhone11,4.png in Resources */ = {isa = PBXBuildFile; fileRef = FC75668F25FBE49E00CAF396 /* iPhone11,4.png */; };
		FC75670525FBE4A100CAF396 /* AudioAccessory5,1.png in Resources */ = {isa = PBXBuildFile; fileRef = FC75669025FBE49E00CAF396 /* AudioAccessory5,1.png */; };
		FC75670625FBE4A100CAF396 /* iPad4,2.png in Resources */ = {isa = PBXBuildFile; fileRef = FC75669125FBE49E00CAF396 /* iPad4,2.png */; };
		FC75670725FBE4A100CAF396 /* iPad8,9.png in Resources */ = {isa = PBXBuildFile; fileRef = FC75669225FBE49F00CAF396 /* iPad8,9.png */; };
		FC75670825FBE4A100CAF396 /* iPad3,3.png in Resources */ = {isa = PBXBuildFile; fileRef = FC75669325FBE49F00CAF396 /* iPad3,3.png */; };
		FC75670925FBE4A100CAF396 /* iPad3,5.png in Resources */ = {isa = PBXBuildFile; fileRef = FC75669425FBE49F00CAF396 /* iPad3,5.png */; };
		FC75670A25FBE4A100CAF396 /* iPhone3,2.png in Resources */ = {isa = PBXBuildFile; fileRef = FC75669525FBE49F00CAF396 /* iPhone3,2.png */; };
		FC75670B25FBE4A100CAF396 /* iPad8,8.png in Resources */ = {isa = PBXBuildFile; fileRef = FC75669625FBE49F00CAF396 /* iPad8,8.png */; };
		FC75670C25FBE4A100CAF396 /* iPhone8,4.png in Resources */ = {isa = PBXBuildFile; fileRef = FC75669725FBE49F00CAF396 /* iPhone8,4.png */; };
		FC75670D25FBE4A100CAF396 /* iPad8,5.png in Resources */ = {isa = PBXBuildFile; fileRef = FC75669825FBE49F00CAF396 /* iPad8,5.png */; };
		FC75670E25FBE4A100CAF396 /* iPod1,1.png in Resources */ = {isa = PBXBuildFile; fileRef = FC75669925FBE49F00CAF396 /* iPod1,1.png */; };
		FC75670F25FBE4A100CAF396 /* iPad11,4.png in Resources */ = {isa = PBXBuildFile; fileRef = FC75669A25FBE49F00CAF396 /* iPad11,4.png */; };
		FC75671025FBE4A100CAF396 /* iPhone3,1.png in Resources */ = {isa = PBXBuildFile; fileRef = FC75669B25FBE49F00CAF396 /* iPhone3,1.png */; };
		FC75671125FBE4A100CAF396 /* iPhone13,1.png in Resources */ = {isa = PBXBuildFile; fileRef = FC75669C25FBE4A000CAF396 /* iPhone13,1.png */; };
		FC75671225FBE4A100CAF396 /* iPad8,4.png in Resources */ = {isa = PBXBuildFile; fileRef = FC75669D25FBE4A000CAF396 /* iPad8,4.png */; };
		FC75671325FBE4A100CAF396 /* ADP3,2.png in Resources */ = {isa = PBXBuildFile; fileRef = FC75669E25FBE4A000CAF396 /* ADP3,2.png */; };
		FC75671425FBE4A100CAF396 /* iPod4,1.png in Resources */ = {isa = PBXBuildFile; fileRef = FC75669F25FBE4A000CAF396 /* iPod4,1.png */; };
		FC75671525FBE4A100CAF396 /* iPad8,3.png in Resources */ = {isa = PBXBuildFile; fileRef = FC7566A025FBE4A000CAF396 /* iPad8,3.png */; };
		FC75671625FBE4A100CAF396 /* iPhone10,5.png in Resources */ = {isa = PBXBuildFile; fileRef = FC7566A125FBE4A000CAF396 /* iPhone10,5.png */; };
		FC75671725FBE4A100CAF396 /* iPhone10,3.png in Resources */ = {isa = PBXBuildFile; fileRef = FC7566A225FBE4A000CAF396 /* iPhone10,3.png */; };
		FC75671825FBE4A100CAF396 /* iPad11,6.png in Resources */ = {isa = PBXBuildFile; fileRef = FC7566A325FBE4A000CAF396 /* iPad11,6.png */; };
		FC75671925FBE4A100CAF396 /* iPhone3,3.png in Resources */ = {isa = PBXBuildFile; fileRef = FC7566A425FBE4A000CAF396 /* iPhone3,3.png */; };
		FC75671A25FBE4A100CAF396 /* iPad2,2.png in Resources */ = {isa = PBXBuildFile; fileRef = FC7566A525FBE4A000CAF396 /* iPad2,2.png */; };
		FC75671B25FBE4A100CAF396 /* iPad7,6.png in Resources */ = {isa = PBXBuildFile; fileRef = FC7566A625FBE4A000CAF396 /* iPad7,6.png */; };
		FC75671C25FBE4A100CAF396 /* iPhone5,3.png in Resources */ = {isa = PBXBuildFile; fileRef = FC7566A725FBE4A100CAF396 /* iPhone5,3.png */; };
		FC75671D25FBE4A100CAF396 /* iPhone12,3.png in Resources */ = {isa = PBXBuildFile; fileRef = FC7566A825FBE4A100CAF396 /* iPhone12,3.png */; };
		FC75671E25FBE4A100CAF396 /* iPad6,4.png in Resources */ = {isa = PBXBuildFile; fileRef = FC7566A925FBE4A100CAF396 /* iPad6,4.png */; };
		FC75671F25FBE4A100CAF396 /* iPad4,5.png in Resources */ = {isa = PBXBuildFile; fileRef = FC7566AA25FBE4A100CAF396 /* iPad4,5.png */; };
		FC75672025FBE4A100CAF396 /* iPad5,4.png in Resources */ = {isa = PBXBuildFile; fileRef = FC7566AB25FBE4A100CAF396 /* iPad5,4.png */; };
		FC75672125FBE4A100CAF396 /* iPhone9,2.png in Resources */ = {isa = PBXBuildFile; fileRef = FC7566AC25FBE4A100CAF396 /* iPhone9,2.png */; };
		FC75672225FBE4A100CAF396 /* iPhone9,4.png in Resources */ = {isa = PBXBuildFile; fileRef = FC7566AD25FBE4A100CAF396 /* iPhone9,4.png */; };
		FC75672525FBE4C200CAF396 /* iBridge.png in Resources */ = {isa = PBXBuildFile; fileRef = FC75672425FBE4C200CAF396 /* iBridge.png */; };
		FC75672F25FBF5A300CAF396 /* iphone.json in Resources */ = {isa = PBXBuildFile; fileRef = FC75672925FBF5A300CAF396 /* iphone.json */; };
		FC75673025FBF5A300CAF396 /* mac.json in Resources */ = {isa = PBXBuildFile; fileRef = FC75672A25FBF5A300CAF396 /* mac.json */; };
		FC75673125FBF5A300CAF396 /* t2.json in Resources */ = {isa = PBXBuildFile; fileRef = FC75672B25FBF5A300CAF396 /* t2.json */; };
		FC75673225FBF5A300CAF396 /* ipod.json in Resources */ = {isa = PBXBuildFile; fileRef = FC75672C25FBF5A300CAF396 /* ipod.json */; };
		FC75673325FBF5A300CAF396 /* etc.json in Resources */ = {isa = PBXBuildFile; fileRef = FC75672D25FBF5A300CAF396 /* etc.json */; };
		FC75673425FBF5A300CAF396 /* ipad.json in Resources */ = {isa = PBXBuildFile; fileRef = FC75672E25FBF5A300CAF396 /* ipad.json */; };
		FC75673725FBF5DB00CAF396 /* devices.swift in Sources */ = {isa = PBXBuildFile; fileRef = FC75673625FBF5DB00CAF396 /* devices.swift */; };
/* End PBXBuildFile section */

/* Begin PBXFileReference section */
		FC1E634225FB917D009DFBFD /* ipswtool.app */ = {isa = PBXFileReference; explicitFileType = wrapper.application; includeInIndex = 0; path = ipswtool.app; sourceTree = BUILT_PRODUCTS_DIR; };
		FC1E634525FB917E009DFBFD /* ipswtoolApp.swift */ = {isa = PBXFileReference; lastKnownFileType = sourcecode.swift; path = ipswtoolApp.swift; sourceTree = "<group>"; };
		FC1E634725FB917E009DFBFD /* ContentView.swift */ = {isa = PBXFileReference; lastKnownFileType = sourcecode.swift; path = ContentView.swift; sourceTree = "<group>"; };
		FC1E634925FB917E009DFBFD /* Assets.xcassets */ = {isa = PBXFileReference; lastKnownFileType = folder.assetcatalog; path = Assets.xcassets; sourceTree = "<group>"; };
		FC1E634C25FB917E009DFBFD /* Preview Assets.xcassets */ = {isa = PBXFileReference; lastKnownFileType = folder.assetcatalog; path = "Preview Assets.xcassets"; sourceTree = "<group>"; };
		FC1E634E25FB917E009DFBFD /* Info.plist */ = {isa = PBXFileReference; lastKnownFileType = text.plist.xml; path = Info.plist; sourceTree = "<group>"; };
		FC1E634F25FB917E009DFBFD /* ipswtool.entitlements */ = {isa = PBXFileReference; lastKnownFileType = text.plist.entitlements; path = ipswtool.entitlements; sourceTree = "<group>"; };
		FC75662C25FB926100CAF396 /* DownloadView.swift */ = {isa = PBXFileReference; lastKnownFileType = sourcecode.swift; path = DownloadView.swift; sourceTree = "<group>"; };
		FC75662F25FB927100CAF396 /* ExtractView.swift */ = {isa = PBXFileReference; lastKnownFileType = sourcecode.swift; path = ExtractView.swift; sourceTree = "<group>"; };
		FC75663925FBE49800CAF396 /* iPad13,2.png */ = {isa = PBXFileReference; lastKnownFileType = image.png; path = "iPad13,2.png"; sourceTree = "<group>"; };
		FC75663A25FBE49800CAF396 /* iPad7,4.png */ = {isa = PBXFileReference; lastKnownFileType = image.png; path = "iPad7,4.png"; sourceTree = "<group>"; };
		FC75663B25FBE49800CAF396 /* iPad8,2.png */ = {isa = PBXFileReference; lastKnownFileType = image.png; path = "iPad8,2.png"; sourceTree = "<group>"; };
		FC75663C25FBE49800CAF396 /* iPad8,12.png */ = {isa = PBXFileReference; lastKnownFileType = image.png; path = "iPad8,12.png"; sourceTree = "<group>"; };
		FC75663D25FBE49800CAF396 /* iPhone5,2.png */ = {isa = PBXFileReference; lastKnownFileType = image.png; path = "iPhone5,2.png"; sourceTree = "<group>"; };
		FC75663E25FBE49800CAF396 /* iPad2,7.png */ = {isa = PBXFileReference; lastKnownFileType = image.png; path = "iPad2,7.png"; sourceTree = "<group>"; };
		FC75663F25FBE49800CAF396 /* AppleTV5,3.png */ = {isa = PBXFileReference; lastKnownFileType = image.png; path = "AppleTV5,3.png"; sourceTree = "<group>"; };
		FC75664025FBE49800CAF396 /* iPhone11,8.png */ = {isa = PBXFileReference; lastKnownFileType = image.png; path = "iPhone11,8.png"; sourceTree = "<group>"; };
		FC75664125FBE49900CAF396 /* iPad6,3.png */ = {isa = PBXFileReference; lastKnownFileType = image.png; path = "iPad6,3.png"; sourceTree = "<group>"; };
		FC75664225FBE49900CAF396 /* MacBookPro17,1.png */ = {isa = PBXFileReference; lastKnownFileType = image.png; path = "MacBookPro17,1.png"; sourceTree = "<group>"; };
		FC75664325FBE49900CAF396 /* iPad1,1.png */ = {isa = PBXFileReference; lastKnownFileType = image.png; path = "iPad1,1.png"; sourceTree = "<group>"; };
		FC75664425FBE49900CAF396 /* iPhone13,3.png */ = {isa = PBXFileReference; lastKnownFileType = image.png; path = "iPhone13,3.png"; sourceTree = "<group>"; };
		FC75664525FBE49900CAF396 /* iPad6,12.png */ = {isa = PBXFileReference; lastKnownFileType = image.png; path = "iPad6,12.png"; sourceTree = "<group>"; };
		FC75664625FBE49900CAF396 /* iPad5,1.png */ = {isa = PBXFileReference; lastKnownFileType = image.png; path = "iPad5,1.png"; sourceTree = "<group>"; };
		FC75664725FBE49900CAF396 /* iPad2,5.png */ = {isa = PBXFileReference; lastKnownFileType = image.png; path = "iPad2,5.png"; sourceTree = "<group>"; };
		FC75664825FBE49900CAF396 /* iPod2,1.png */ = {isa = PBXFileReference; lastKnownFileType = image.png; path = "iPod2,1.png"; sourceTree = "<group>"; };
		FC75664925FBE49900CAF396 /* iPhone5,1.png */ = {isa = PBXFileReference; lastKnownFileType = image.png; path = "iPhone5,1.png"; sourceTree = "<group>"; };
		FC75664A25FBE49900CAF396 /* AppleTV2,1.png */ = {isa = PBXFileReference; lastKnownFileType = image.png; path = "AppleTV2,1.png"; sourceTree = "<group>"; };
		FC75664B25FBE49900CAF396 /* iPad2,6.png */ = {isa = PBXFileReference; lastKnownFileType = image.png; path = "iPad2,6.png"; sourceTree = "<group>"; };
		FC75664C25FBE49900CAF396 /* iPhone10,2.png */ = {isa = PBXFileReference; lastKnownFileType = image.png; path = "iPhone10,2.png"; sourceTree = "<group>"; };
		FC75664D25FBE49900CAF396 /* iPad8,10.png */ = {isa = PBXFileReference; lastKnownFileType = image.png; path = "iPad8,10.png"; sourceTree = "<group>"; };
		FC75664E25FBE49900CAF396 /* iPhone11,6.png */ = {isa = PBXFileReference; lastKnownFileType = image.png; path = "iPhone11,6.png"; sourceTree = "<group>"; };
		FC75664F25FBE49900CAF396 /* iPhone12,5.png */ = {isa = PBXFileReference; lastKnownFileType = image.png; path = "iPhone12,5.png"; sourceTree = "<group>"; };
		FC75665025FBE49900CAF396 /* iPhone1,2.png */ = {isa = PBXFileReference; lastKnownFileType = image.png; path = "iPhone1,2.png"; sourceTree = "<group>"; };
		FC75665125FBE49900CAF396 /* iPhone7,1.png */ = {isa = PBXFileReference; lastKnownFileType = image.png; path = "iPhone7,1.png"; sourceTree = "<group>"; };
		FC75665225FBE49A00CAF396 /* iPod5,1.png */ = {isa = PBXFileReference; lastKnownFileType = image.png; path = "iPod5,1.png"; sourceTree = "<group>"; };
		FC75665325FBE49A00CAF396 /* iPad4,8.png */ = {isa = PBXFileReference; lastKnownFileType = image.png; path = "iPad4,8.png"; sourceTree = "<group>"; };
		FC75665425FBE49A00CAF396 /* iPad4,6.png */ = {isa = PBXFileReference; lastKnownFileType = image.png; path = "iPad4,6.png"; sourceTree = "<group>"; };
		FC75665525FBE49A00CAF396 /* iPad8,11.png */ = {isa = PBXFileReference; lastKnownFileType = image.png; path = "iPad8,11.png"; sourceTree = "<group>"; };
		FC75665625FBE49A00CAF396 /* AppleTV3,1.png */ = {isa = PBXFileReference; lastKnownFileType = image.png; path = "AppleTV3,1.png"; sourceTree = "<group>"; };
		FC75665725FBE49A00CAF396 /* iPad8,6.png */ = {isa = PBXFileReference; lastKnownFileType = image.png; path = "iPad8,6.png"; sourceTree = "<group>"; };
		FC75665825FBE49A00CAF396 /* iPod9,1.png */ = {isa = PBXFileReference; lastKnownFileType = image.png; path = "iPod9,1.png"; sourceTree = "<group>"; };
		FC75665925FBE49A00CAF396 /* iPhone13,2.png */ = {isa = PBXFileReference; lastKnownFileType = image.png; path = "iPhone13,2.png"; sourceTree = "<group>"; };
		FC75665A25FBE49A00CAF396 /* iPod3,1.png */ = {isa = PBXFileReference; lastKnownFileType = image.png; path = "iPod3,1.png"; sourceTree = "<group>"; };
		FC75665B25FBE49A00CAF396 /* iPad6,7.png */ = {isa = PBXFileReference; lastKnownFileType = image.png; path = "iPad6,7.png"; sourceTree = "<group>"; };
		FC75665C25FBE49A00CAF396 /* iPad8,7.png */ = {isa = PBXFileReference; lastKnownFileType = image.png; path = "iPad8,7.png"; sourceTree = "<group>"; };
		FC75665D25FBE49A00CAF396 /* iPad3,1.png */ = {isa = PBXFileReference; lastKnownFileType = image.png; path = "iPad3,1.png"; sourceTree = "<group>"; };
		FC75665E25FBE49A00CAF396 /* iPad11,3.png */ = {isa = PBXFileReference; lastKnownFileType = image.png; path = "iPad11,3.png"; sourceTree = "<group>"; };
		FC75665F25FBE49A00CAF396 /* iPhone6,1.png */ = {isa = PBXFileReference; lastKnownFileType = image.png; path = "iPhone6,1.png"; sourceTree = "<group>"; };
		FC75666025FBE49A00CAF396 /* iPad5,2.png */ = {isa = PBXFileReference; lastKnownFileType = image.png; path = "iPad5,2.png"; sourceTree = "<group>"; };
		FC75666125FBE49B00CAF396 /* iPad4,9.png */ = {isa = PBXFileReference; lastKnownFileType = image.png; path = "iPad4,9.png"; sourceTree = "<group>"; };
		FC75666225FBE49B00CAF396 /* iPhone4,1.png */ = {isa = PBXFileReference; lastKnownFileType = image.png; path = "iPhone4,1.png"; sourceTree = "<group>"; };
		FC75666325FBE49B00CAF396 /* iPhone6,2.png */ = {isa = PBXFileReference; lastKnownFileType = image.png; path = "iPhone6,2.png"; sourceTree = "<group>"; };
		FC75666425FBE49B00CAF396 /* iPad4,4.png */ = {isa = PBXFileReference; lastKnownFileType = image.png; path = "iPad4,4.png"; sourceTree = "<group>"; };
		FC75666525FBE49B00CAF396 /* iPad3,2.png */ = {isa = PBXFileReference; lastKnownFileType = image.png; path = "iPad3,2.png"; sourceTree = "<group>"; };
		FC75666625FBE49B00CAF396 /* iPad4,1.png */ = {isa = PBXFileReference; lastKnownFileType = image.png; path = "iPad4,1.png"; sourceTree = "<group>"; };
		FC75666725FBE49B00CAF396 /* iPhone2,1.png */ = {isa = PBXFileReference; lastKnownFileType = image.png; path = "iPhone2,1.png"; sourceTree = "<group>"; };
		FC75666825FBE49B00CAF396 /* iPod7,1.png */ = {isa = PBXFileReference; lastKnownFileType = image.png; path = "iPod7,1.png"; sourceTree = "<group>"; };
		FC75666925FBE49B00CAF396 /* iPhone10,1.png */ = {isa = PBXFileReference; lastKnownFileType = image.png; path = "iPhone10,1.png"; sourceTree = "<group>"; };
		FC75666A25FBE49B00CAF396 /* Macmini9,1.png */ = {isa = PBXFileReference; lastKnownFileType = image.png; path = "Macmini9,1.png"; sourceTree = "<group>"; };
		FC75666B25FBE49B00CAF396 /* iPad7,1.png */ = {isa = PBXFileReference; lastKnownFileType = image.png; path = "iPad7,1.png"; sourceTree = "<group>"; };
		FC75666C25FBE49B00CAF396 /* iPhone8,1.png */ = {isa = PBXFileReference; lastKnownFileType = image.png; path = "iPhone8,1.png"; sourceTree = "<group>"; };
		FC75666D25FBE49B00CAF396 /* iPad7,11.png */ = {isa = PBXFileReference; lastKnownFileType = image.png; path = "iPad7,11.png"; sourceTree = "<group>"; };
		FC75666E25FBE49B00CAF396 /* iPad8,1.png */ = {isa = PBXFileReference; lastKnownFileType = image.png; path = "iPad8,1.png"; sourceTree = "<group>"; };
		FC75666F25FBE49C00CAF396 /* iPad4,3.png */ = {isa = PBXFileReference; lastKnownFileType = image.png; path = "iPad4,3.png"; sourceTree = "<group>"; };
		FC75667025FBE49C00CAF396 /* iPad2,3.png */ = {isa = PBXFileReference; lastKnownFileType = image.png; path = "iPad2,3.png"; sourceTree = "<group>"; };
		FC75667125FBE49C00CAF396 /* iPad2,4.png */ = {isa = PBXFileReference; lastKnownFileType = image.png; path = "iPad2,4.png"; sourceTree = "<group>"; };
		FC75667225FBE49C00CAF396 /* iPad5,3.png */ = {isa = PBXFileReference; lastKnownFileType = image.png; path = "iPad5,3.png"; sourceTree = "<group>"; };
		FC75667325FBE49C00CAF396 /* iPhone9,3.png */ = {isa = PBXFileReference; lastKnownFileType = image.png; path = "iPhone9,3.png"; sourceTree = "<group>"; };
		FC75667425FBE49C00CAF396 /* iPhone11,2.png */ = {isa = PBXFileReference; lastKnownFileType = image.png; path = "iPhone11,2.png"; sourceTree = "<group>"; };
		FC75667525FBE49C00CAF396 /* iPhone12,8.png */ = {isa = PBXFileReference; lastKnownFileType = image.png; path = "iPhone12,8.png"; sourceTree = "<group>"; };
		FC75667625FBE49C00CAF396 /* iPad7,2.png */ = {isa = PBXFileReference; lastKnownFileType = image.png; path = "iPad7,2.png"; sourceTree = "<group>"; };
		FC75667725FBE49C00CAF396 /* iPad7,5.png */ = {isa = PBXFileReference; lastKnownFileType = image.png; path = "iPad7,5.png"; sourceTree = "<group>"; };
		FC75667825FBE49C00CAF396 /* iPad7,3.png */ = {isa = PBXFileReference; lastKnownFileType = image.png; path = "iPad7,3.png"; sourceTree = "<group>"; };
		FC75667925FBE49C00CAF396 /* iPhone7,2.png */ = {isa = PBXFileReference; lastKnownFileType = image.png; path = "iPhone7,2.png"; sourceTree = "<group>"; };
		FC75667A25FBE49C00CAF396 /* iPhone10,4.png */ = {isa = PBXFileReference; lastKnownFileType = image.png; path = "iPhone10,4.png"; sourceTree = "<group>"; };
		FC75667B25FBE49D00CAF396 /* iPhone5,4.png */ = {isa = PBXFileReference; lastKnownFileType = image.png; path = "iPhone5,4.png"; sourceTree = "<group>"; };
		FC75667C25FBE49D00CAF396 /* iPad6,8.png */ = {isa = PBXFileReference; lastKnownFileType = image.png; path = "iPad6,8.png"; sourceTree = "<group>"; };
		FC75667D25FBE49D00CAF396 /* iPhone10,6.png */ = {isa = PBXFileReference; lastKnownFileType = image.png; path = "iPhone10,6.png"; sourceTree = "<group>"; };
		FC75667E25FBE49D00CAF396 /* AppleTV3,2.png */ = {isa = PBXFileReference; lastKnownFileType = image.png; path = "AppleTV3,2.png"; sourceTree = "<group>"; };
		FC75667F25FBE49D00CAF396 /* iPad11,7.png */ = {isa = PBXFileReference; lastKnownFileType = image.png; path = "iPad11,7.png"; sourceTree = "<group>"; };
		FC75668025FBE49D00CAF396 /* iPad11,2.png */ = {isa = PBXFileReference; lastKnownFileType = image.png; path = "iPad11,2.png"; sourceTree = "<group>"; };
		FC75668125FBE49D00CAF396 /* iPhone13,4.png */ = {isa = PBXFileReference; lastKnownFileType = image.png; path = "iPhone13,4.png"; sourceTree = "<group>"; };
		FC75668225FBE49D00CAF396 /* iPhone8,2.png */ = {isa = PBXFileReference; lastKnownFileType = image.png; path = "iPhone8,2.png"; sourceTree = "<group>"; };
		FC75668325FBE49D00CAF396 /* iPhone1,1.png */ = {isa = PBXFileReference; lastKnownFileType = image.png; path = "iPhone1,1.png"; sourceTree = "<group>"; };
		FC75668425FBE49D00CAF396 /* iPad3,4.png */ = {isa = PBXFileReference; lastKnownFileType = image.png; path = "iPad3,4.png"; sourceTree = "<group>"; };
		FC75668525FBE49D00CAF396 /* iPad2,1.png */ = {isa = PBXFileReference; lastKnownFileType = image.png; path = "iPad2,1.png"; sourceTree = "<group>"; };
		FC75668625FBE49E00CAF396 /* iPhone12,1.png */ = {isa = PBXFileReference; lastKnownFileType = image.png; path = "iPhone12,1.png"; sourceTree = "<group>"; };
		FC75668725FBE49E00CAF396 /* MacBookAir10,1.png */ = {isa = PBXFileReference; lastKnownFileType = image.png; path = "MacBookAir10,1.png"; sourceTree = "<group>"; };
		FC75668825FBE49E00CAF396 /* iPad4,7.png */ = {isa = PBXFileReference; lastKnownFileType = image.png; path = "iPad4,7.png"; sourceTree = "<group>"; };
		FC75668925FBE49E00CAF396 /* iPad13,1.png */ = {isa = PBXFileReference; lastKnownFileType = image.png; path = "iPad13,1.png"; sourceTree = "<group>"; };
		FC75668A25FBE49E00CAF396 /* iPhone9,1.png */ = {isa = PBXFileReference; lastKnownFileType = image.png; path = "iPhone9,1.png"; sourceTree = "<group>"; };
		FC75668B25FBE49E00CAF396 /* iPad7,12.png */ = {isa = PBXFileReference; lastKnownFileType = image.png; path = "iPad7,12.png"; sourceTree = "<group>"; };
		FC75668C25FBE49E00CAF396 /* iPad3,6.png */ = {isa = PBXFileReference; lastKnownFileType = image.png; path = "iPad3,6.png"; sourceTree = "<group>"; };
		FC75668D25FBE49E00CAF396 /* iPad11,1.png */ = {isa = PBXFileReference; lastKnownFileType = image.png; path = "iPad11,1.png"; sourceTree = "<group>"; };
		FC75668E25FBE49E00CAF396 /* iPad6,11.png */ = {isa = PBXFileReference; lastKnownFileType = image.png; path = "iPad6,11.png"; sourceTree = "<group>"; };
		FC75668F25FBE49E00CAF396 /* iPhone11,4.png */ = {isa = PBXFileReference; lastKnownFileType = image.png; path = "iPhone11,4.png"; sourceTree = "<group>"; };
		FC75669025FBE49E00CAF396 /* AudioAccessory5,1.png */ = {isa = PBXFileReference; lastKnownFileType = image.png; path = "AudioAccessory5,1.png"; sourceTree = "<group>"; };
		FC75669125FBE49E00CAF396 /* iPad4,2.png */ = {isa = PBXFileReference; lastKnownFileType = image.png; path = "iPad4,2.png"; sourceTree = "<group>"; };
		FC75669225FBE49F00CAF396 /* iPad8,9.png */ = {isa = PBXFileReference; lastKnownFileType = image.png; path = "iPad8,9.png"; sourceTree = "<group>"; };
		FC75669325FBE49F00CAF396 /* iPad3,3.png */ = {isa = PBXFileReference; lastKnownFileType = image.png; path = "iPad3,3.png"; sourceTree = "<group>"; };
		FC75669425FBE49F00CAF396 /* iPad3,5.png */ = {isa = PBXFileReference; lastKnownFileType = image.png; path = "iPad3,5.png"; sourceTree = "<group>"; };
		FC75669525FBE49F00CAF396 /* iPhone3,2.png */ = {isa = PBXFileReference; lastKnownFileType = image.png; path = "iPhone3,2.png"; sourceTree = "<group>"; };
		FC75669625FBE49F00CAF396 /* iPad8,8.png */ = {isa = PBXFileReference; lastKnownFileType = image.png; path = "iPad8,8.png"; sourceTree = "<group>"; };
		FC75669725FBE49F00CAF396 /* iPhone8,4.png */ = {isa = PBXFileReference; lastKnownFileType = image.png; path = "iPhone8,4.png"; sourceTree = "<group>"; };
		FC75669825FBE49F00CAF396 /* iPad8,5.png */ = {isa = PBXFileReference; lastKnownFileType = image.png; path = "iPad8,5.png"; sourceTree = "<group>"; };
		FC75669925FBE49F00CAF396 /* iPod1,1.png */ = {isa = PBXFileReference; lastKnownFileType = image.png; path = "iPod1,1.png"; sourceTree = "<group>"; };
		FC75669A25FBE49F00CAF396 /* iPad11,4.png */ = {isa = PBXFileReference; lastKnownFileType = image.png; path = "iPad11,4.png"; sourceTree = "<group>"; };
		FC75669B25FBE49F00CAF396 /* iPhone3,1.png */ = {isa = PBXFileReference; lastKnownFileType = image.png; path = "iPhone3,1.png"; sourceTree = "<group>"; };
		FC75669C25FBE4A000CAF396 /* iPhone13,1.png */ = {isa = PBXFileReference; lastKnownFileType = image.png; path = "iPhone13,1.png"; sourceTree = "<group>"; };
		FC75669D25FBE4A000CAF396 /* iPad8,4.png */ = {isa = PBXFileReference; lastKnownFileType = image.png; path = "iPad8,4.png"; sourceTree = "<group>"; };
		FC75669E25FBE4A000CAF396 /* ADP3,2.png */ = {isa = PBXFileReference; lastKnownFileType = image.png; path = "ADP3,2.png"; sourceTree = "<group>"; };
		FC75669F25FBE4A000CAF396 /* iPod4,1.png */ = {isa = PBXFileReference; lastKnownFileType = image.png; path = "iPod4,1.png"; sourceTree = "<group>"; };
		FC7566A025FBE4A000CAF396 /* iPad8,3.png */ = {isa = PBXFileReference; lastKnownFileType = image.png; path = "iPad8,3.png"; sourceTree = "<group>"; };
		FC7566A125FBE4A000CAF396 /* iPhone10,5.png */ = {isa = PBXFileReference; lastKnownFileType = image.png; path = "iPhone10,5.png"; sourceTree = "<group>"; };
		FC7566A225FBE4A000CAF396 /* iPhone10,3.png */ = {isa = PBXFileReference; lastKnownFileType = image.png; path = "iPhone10,3.png"; sourceTree = "<group>"; };
		FC7566A325FBE4A000CAF396 /* iPad11,6.png */ = {isa = PBXFileReference; lastKnownFileType = image.png; path = "iPad11,6.png"; sourceTree = "<group>"; };
		FC7566A425FBE4A000CAF396 /* iPhone3,3.png */ = {isa = PBXFileReference; lastKnownFileType = image.png; path = "iPhone3,3.png"; sourceTree = "<group>"; };
		FC7566A525FBE4A000CAF396 /* iPad2,2.png */ = {isa = PBXFileReference; lastKnownFileType = image.png; path = "iPad2,2.png"; sourceTree = "<group>"; };
		FC7566A625FBE4A000CAF396 /* iPad7,6.png */ = {isa = PBXFileReference; lastKnownFileType = image.png; path = "iPad7,6.png"; sourceTree = "<group>"; };
		FC7566A725FBE4A100CAF396 /* iPhone5,3.png */ = {isa = PBXFileReference; lastKnownFileType = image.png; path = "iPhone5,3.png"; sourceTree = "<group>"; };
		FC7566A825FBE4A100CAF396 /* iPhone12,3.png */ = {isa = PBXFileReference; lastKnownFileType = image.png; path = "iPhone12,3.png"; sourceTree = "<group>"; };
		FC7566A925FBE4A100CAF396 /* iPad6,4.png */ = {isa = PBXFileReference; lastKnownFileType = image.png; path = "iPad6,4.png"; sourceTree = "<group>"; };
		FC7566AA25FBE4A100CAF396 /* iPad4,5.png */ = {isa = PBXFileReference; lastKnownFileType = image.png; path = "iPad4,5.png"; sourceTree = "<group>"; };
		FC7566AB25FBE4A100CAF396 /* iPad5,4.png */ = {isa = PBXFileReference; lastKnownFileType = image.png; path = "iPad5,4.png"; sourceTree = "<group>"; };
		FC7566AC25FBE4A100CAF396 /* iPhone9,2.png */ = {isa = PBXFileReference; lastKnownFileType = image.png; path = "iPhone9,2.png"; sourceTree = "<group>"; };
		FC7566AD25FBE4A100CAF396 /* iPhone9,4.png */ = {isa = PBXFileReference; lastKnownFileType = image.png; path = "iPhone9,4.png"; sourceTree = "<group>"; };
		FC75672425FBE4C200CAF396 /* iBridge.png */ = {isa = PBXFileReference; lastKnownFileType = image.png; path = iBridge.png; sourceTree = "<group>"; };
		FC75672925FBF5A300CAF396 /* iphone.json */ = {isa = PBXFileReference; fileEncoding = 4; lastKnownFileType = text.json; path = iphone.json; sourceTree = "<group>"; };
		FC75672A25FBF5A300CAF396 /* mac.json */ = {isa = PBXFileReference; fileEncoding = 4; lastKnownFileType = text.json; path = mac.json; sourceTree = "<group>"; };
		FC75672B25FBF5A300CAF396 /* t2.json */ = {isa = PBXFileReference; fileEncoding = 4; lastKnownFileType = text.json; path = t2.json; sourceTree = "<group>"; };
		FC75672C25FBF5A300CAF396 /* ipod.json */ = {isa = PBXFileReference; fileEncoding = 4; lastKnownFileType = text.json; path = ipod.json; sourceTree = "<group>"; };
		FC75672D25FBF5A300CAF396 /* etc.json */ = {isa = PBXFileReference; fileEncoding = 4; lastKnownFileType = text.json; path = etc.json; sourceTree = "<group>"; };
		FC75672E25FBF5A300CAF396 /* ipad.json */ = {isa = PBXFileReference; fileEncoding = 4; lastKnownFileType = text.json; path = ipad.json; sourceTree = "<group>"; };
		FC75673625FBF5DB00CAF396 /* devices.swift */ = {isa = PBXFileReference; lastKnownFileType = sourcecode.swift; path = devices.swift; sourceTree = "<group>"; };
/* End PBXFileReference section */

/* Begin PBXFrameworksBuildPhase section */
		FC1E633F25FB917D009DFBFD /* Frameworks */ = {
			isa = PBXFrameworksBuildPhase;
			buildActionMask = 2147483647;
			files = (
			);
			runOnlyForDeploymentPostprocessing = 0;
		};
/* End PBXFrameworksBuildPhase section */

/* Begin PBXGroup section */
		FC1E633925FB917D009DFBFD = {
			isa = PBXGroup;
			children = (
				FC75672725FBF58800CAF396 /* static */,
				FC75663425FBE46900CAF396 /* images */,
				FC1E634425FB917D009DFBFD /* ipswtool */,
				FC1E634325FB917D009DFBFD /* Products */,
			);
			sourceTree = "<group>";
		};
		FC1E634325FB917D009DFBFD /* Products */ = {
			isa = PBXGroup;
			children = (
				FC1E634225FB917D009DFBFD /* ipswtool.app */,
			);
			name = Products;
			sourceTree = "<group>";
		};
		FC1E634425FB917D009DFBFD /* ipswtool */ = {
			isa = PBXGroup;
			children = (
				FC1E634525FB917E009DFBFD /* ipswtoolApp.swift */,
				FC1E634725FB917E009DFBFD /* ContentView.swift */,
				FC1E634925FB917E009DFBFD /* Assets.xcassets */,
				FC1E634E25FB917E009DFBFD /* Info.plist */,
				FC1E634F25FB917E009DFBFD /* ipswtool.entitlements */,
				FC1E634B25FB917E009DFBFD /* Preview Content */,
				FC75662C25FB926100CAF396 /* DownloadView.swift */,
				FC75662F25FB927100CAF396 /* ExtractView.swift */,
			);
			path = ipswtool;
			sourceTree = "<group>";
		};
		FC1E634B25FB917E009DFBFD /* Preview Content */ = {
			isa = PBXGroup;
			children = (
				FC1E634C25FB917E009DFBFD /* Preview Assets.xcassets */,
			);
			path = "Preview Content";
			sourceTree = "<group>";
		};
		FC75663425FBE46900CAF396 /* images */ = {
			isa = PBXGroup;
			children = (
				FC75669E25FBE4A000CAF396 /* ADP3,2.png */,
				FC75664A25FBE49900CAF396 /* AppleTV2,1.png */,
				FC75665625FBE49A00CAF396 /* AppleTV3,1.png */,
				FC75667E25FBE49D00CAF396 /* AppleTV3,2.png */,
				FC75663F25FBE49800CAF396 /* AppleTV5,3.png */,
				FC75669025FBE49E00CAF396 /* AudioAccessory5,1.png */,
				FC75664325FBE49900CAF396 /* iPad1,1.png */,
				FC75668525FBE49D00CAF396 /* iPad2,1.png */,
				FC7566A525FBE4A000CAF396 /* iPad2,2.png */,
				FC75667025FBE49C00CAF396 /* iPad2,3.png */,
				FC75667125FBE49C00CAF396 /* iPad2,4.png */,
				FC75664725FBE49900CAF396 /* iPad2,5.png */,
				FC75664B25FBE49900CAF396 /* iPad2,6.png */,
				FC75663E25FBE49800CAF396 /* iPad2,7.png */,
				FC75665D25FBE49A00CAF396 /* iPad3,1.png */,
				FC75666525FBE49B00CAF396 /* iPad3,2.png */,
				FC75669325FBE49F00CAF396 /* iPad3,3.png */,
				FC75668425FBE49D00CAF396 /* iPad3,4.png */,
				FC75669425FBE49F00CAF396 /* iPad3,5.png */,
				FC75668C25FBE49E00CAF396 /* iPad3,6.png */,
				FC75672425FBE4C200CAF396 /* iBridge.png */,
				FC75666625FBE49B00CAF396 /* iPad4,1.png */,
				FC75669125FBE49E00CAF396 /* iPad4,2.png */,
				FC75666F25FBE49C00CAF396 /* iPad4,3.png */,
				FC75666425FBE49B00CAF396 /* iPad4,4.png */,
				FC7566AA25FBE4A100CAF396 /* iPad4,5.png */,
				FC75665425FBE49A00CAF396 /* iPad4,6.png */,
				FC75668825FBE49E00CAF396 /* iPad4,7.png */,
				FC75665325FBE49A00CAF396 /* iPad4,8.png */,
				FC75666125FBE49B00CAF396 /* iPad4,9.png */,
				FC75664625FBE49900CAF396 /* iPad5,1.png */,
				FC75666025FBE49A00CAF396 /* iPad5,2.png */,
				FC75667225FBE49C00CAF396 /* iPad5,3.png */,
				FC7566AB25FBE4A100CAF396 /* iPad5,4.png */,
				FC75664125FBE49900CAF396 /* iPad6,3.png */,
				FC7566A925FBE4A100CAF396 /* iPad6,4.png */,
				FC75665B25FBE49A00CAF396 /* iPad6,7.png */,
				FC75667C25FBE49D00CAF396 /* iPad6,8.png */,
				FC75668E25FBE49E00CAF396 /* iPad6,11.png */,
				FC75664525FBE49900CAF396 /* iPad6,12.png */,
				FC75666B25FBE49B00CAF396 /* iPad7,1.png */,
				FC75667625FBE49C00CAF396 /* iPad7,2.png */,
				FC75667825FBE49C00CAF396 /* iPad7,3.png */,
				FC75663A25FBE49800CAF396 /* iPad7,4.png */,
				FC75667725FBE49C00CAF396 /* iPad7,5.png */,
				FC7566A625FBE4A000CAF396 /* iPad7,6.png */,
				FC75666D25FBE49B00CAF396 /* iPad7,11.png */,
				FC75668B25FBE49E00CAF396 /* iPad7,12.png */,
				FC75666E25FBE49B00CAF396 /* iPad8,1.png */,
				FC75663B25FBE49800CAF396 /* iPad8,2.png */,
				FC7566A025FBE4A000CAF396 /* iPad8,3.png */,
				FC75669D25FBE4A000CAF396 /* iPad8,4.png */,
				FC75669825FBE49F00CAF396 /* iPad8,5.png */,
				FC75665725FBE49A00CAF396 /* iPad8,6.png */,
				FC75665C25FBE49A00CAF396 /* iPad8,7.png */,
				FC75669625FBE49F00CAF396 /* iPad8,8.png */,
				FC75669225FBE49F00CAF396 /* iPad8,9.png */,
				FC75664D25FBE49900CAF396 /* iPad8,10.png */,
				FC75665525FBE49A00CAF396 /* iPad8,11.png */,
				FC75663C25FBE49800CAF396 /* iPad8,12.png */,
				FC75668D25FBE49E00CAF396 /* iPad11,1.png */,
				FC75668025FBE49D00CAF396 /* iPad11,2.png */,
				FC75665E25FBE49A00CAF396 /* iPad11,3.png */,
				FC75669A25FBE49F00CAF396 /* iPad11,4.png */,
				FC7566A325FBE4A000CAF396 /* iPad11,6.png */,
				FC75667F25FBE49D00CAF396 /* iPad11,7.png */,
				FC75668925FBE49E00CAF396 /* iPad13,1.png */,
				FC75663925FBE49800CAF396 /* iPad13,2.png */,
				FC75668325FBE49D00CAF396 /* iPhone1,1.png */,
				FC75665025FBE49900CAF396 /* iPhone1,2.png */,
				FC75666725FBE49B00CAF396 /* iPhone2,1.png */,
				FC75669B25FBE49F00CAF396 /* iPhone3,1.png */,
				FC75669525FBE49F00CAF396 /* iPhone3,2.png */,
				FC7566A425FBE4A000CAF396 /* iPhone3,3.png */,
				FC75666225FBE49B00CAF396 /* iPhone4,1.png */,
				FC75664925FBE49900CAF396 /* iPhone5,1.png */,
				FC75663D25FBE49800CAF396 /* iPhone5,2.png */,
				FC7566A725FBE4A100CAF396 /* iPhone5,3.png */,
				FC75667B25FBE49D00CAF396 /* iPhone5,4.png */,
				FC75665F25FBE49A00CAF396 /* iPhone6,1.png */,
				FC75666325FBE49B00CAF396 /* iPhone6,2.png */,
				FC75665125FBE49900CAF396 /* iPhone7,1.png */,
				FC75667925FBE49C00CAF396 /* iPhone7,2.png */,
				FC75666C25FBE49B00CAF396 /* iPhone8,1.png */,
				FC75668225FBE49D00CAF396 /* iPhone8,2.png */,
				FC75669725FBE49F00CAF396 /* iPhone8,4.png */,
				FC75668A25FBE49E00CAF396 /* iPhone9,1.png */,
				FC7566AC25FBE4A100CAF396 /* iPhone9,2.png */,
				FC75667325FBE49C00CAF396 /* iPhone9,3.png */,
				FC7566AD25FBE4A100CAF396 /* iPhone9,4.png */,
				FC75666925FBE49B00CAF396 /* iPhone10,1.png */,
				FC75664C25FBE49900CAF396 /* iPhone10,2.png */,
				FC7566A225FBE4A000CAF396 /* iPhone10,3.png */,
				FC75667A25FBE49C00CAF396 /* iPhone10,4.png */,
				FC7566A125FBE4A000CAF396 /* iPhone10,5.png */,
				FC75667D25FBE49D00CAF396 /* iPhone10,6.png */,
				FC75667425FBE49C00CAF396 /* iPhone11,2.png */,
				FC75668F25FBE49E00CAF396 /* iPhone11,4.png */,
				FC75664E25FBE49900CAF396 /* iPhone11,6.png */,
				FC75664025FBE49800CAF396 /* iPhone11,8.png */,
				FC75668625FBE49E00CAF396 /* iPhone12,1.png */,
				FC7566A825FBE4A100CAF396 /* iPhone12,3.png */,
				FC75664F25FBE49900CAF396 /* iPhone12,5.png */,
				FC75667525FBE49C00CAF396 /* iPhone12,8.png */,
				FC75669C25FBE4A000CAF396 /* iPhone13,1.png */,
				FC75665925FBE49A00CAF396 /* iPhone13,2.png */,
				FC75664425FBE49900CAF396 /* iPhone13,3.png */,
				FC75668125FBE49D00CAF396 /* iPhone13,4.png */,
				FC75669925FBE49F00CAF396 /* iPod1,1.png */,
				FC75664825FBE49900CAF396 /* iPod2,1.png */,
				FC75665A25FBE49A00CAF396 /* iPod3,1.png */,
				FC75669F25FBE4A000CAF396 /* iPod4,1.png */,
				FC75665225FBE49A00CAF396 /* iPod5,1.png */,
				FC75666825FBE49B00CAF396 /* iPod7,1.png */,
				FC75665825FBE49A00CAF396 /* iPod9,1.png */,
				FC75668725FBE49E00CAF396 /* MacBookAir10,1.png */,
				FC75664225FBE49900CAF396 /* MacBookPro17,1.png */,
				FC75666A25FBE49B00CAF396 /* Macmini9,1.png */,
			);
			path = images;
			sourceTree = "<group>";
		};
		FC75672725FBF58800CAF396 /* static */ = {
			isa = PBXGroup;
			children = (
				FC75672825FBF59100CAF396 /* json */,
				FC75673625FBF5DB00CAF396 /* devices.swift */,
			);
			path = static;
			sourceTree = "<group>";
		};
		FC75672825FBF59100CAF396 /* json */ = {
			isa = PBXGroup;
			children = (
				FC75672D25FBF5A300CAF396 /* etc.json */,
				FC75672E25FBF5A300CAF396 /* ipad.json */,
				FC75672925FBF5A300CAF396 /* iphone.json */,
				FC75672C25FBF5A300CAF396 /* ipod.json */,
				FC75672A25FBF5A300CAF396 /* mac.json */,
				FC75672B25FBF5A300CAF396 /* t2.json */,
			);
			path = json;
			sourceTree = "<group>";
		};
/* End PBXGroup section */

/* Begin PBXNativeTarget section */
		FC1E634125FB917D009DFBFD /* ipswtool */ = {
			isa = PBXNativeTarget;
			buildConfigurationList = FC1E635225FB917E009DFBFD /* Build configuration list for PBXNativeTarget "ipswtool" */;
			buildPhases = (
				FC1E633E25FB917D009DFBFD /* Sources */,
				FC1E633F25FB917D009DFBFD /* Frameworks */,
				FC1E634025FB917D009DFBFD /* Resources */,
				FC1C086C25FBF8C400B8F681 /* ShellScript */,
			);
			buildRules = (
			);
			dependencies = (
			);
			name = ipswtool;
			productName = ipswtool;
			productReference = FC1E634225FB917D009DFBFD /* ipswtool.app */;
			productType = "com.apple.product-type.application";
		};
/* End PBXNativeTarget section */

/* Begin PBXProject section */
		FC1E633A25FB917D009DFBFD /* Project object */ = {
			isa = PBXProject;
			attributes = {
				LastSwiftUpdateCheck = 1230;
				LastUpgradeCheck = 1230;
				TargetAttributes = {
					FC1E634125FB917D009DFBFD = {
						CreatedOnToolsVersion = 12.3;
					};
				};
			};
			buildConfigurationList = FC1E633D25FB917D009DFBFD /* Build configuration list for PBXProject "ipswtool" */;
			compatibilityVersion = "Xcode 9.3";
			developmentRegion = en;
			hasScannedForEncodings = 0;
			knownRegions = (
				en,
				Base,
			);
			mainGroup = FC1E633925FB917D009DFBFD;
			productRefGroup = FC1E634325FB917D009DFBFD /* Products */;
			projectDirPath = "";
			projectRoot = "";
			targets = (
				FC1E634125FB917D009DFBFD /* ipswtool */,
			);
		};
/* End PBXProject section */

/* Begin PBXResourcesBuildPhase section */
		FC1E634025FB917D009DFBFD /* Resources */ = {
			isa = PBXResourcesBuildPhase;
			buildActionMask = 2147483647;
			files = (
				FC7566D725FBE4A100CAF396 /* iPhone4,1.png in Resources */,
				FC7566E325FBE4A100CAF396 /* iPad8,1.png in Resources */,
				FC7566CA25FBE4A100CAF396 /* iPad8,11.png in Resources */,
				FC75670125FBE4A100CAF396 /* iPad3,6.png in Resources */,
				FC7566E225FBE4A100CAF396 /* iPad7,11.png in Resources */,
				FC75670625FBE4A100CAF396 /* iPad4,2.png in Resources */,
				FC7566E025FBE4A100CAF396 /* iPad7,1.png in Resources */,
				FC75671A25FBE4A100CAF396 /* iPad2,2.png in Resources */,
				FC1E634D25FB917E009DFBFD /* Preview Assets.xcassets in Resources */,
				FC7566CE25FBE4A100CAF396 /* iPhone13,2.png in Resources */,
				FC7566E425FBE4A100CAF396 /* iPad4,3.png in Resources */,
				FC7566F025FBE4A100CAF396 /* iPhone5,4.png in Resources */,
				FC7566BE25FBE4A100CAF396 /* iPhone5,1.png in Resources */,
				FC7566C425FBE4A100CAF396 /* iPhone12,5.png in Resources */,
				FC7566EC25FBE4A100CAF396 /* iPad7,5.png in Resources */,
				FC7566B325FBE4A100CAF396 /* iPad2,7.png in Resources */,
				FC7566EA25FBE4A100CAF396 /* iPhone12,8.png in Resources */,
				FC7566F825FBE4A100CAF396 /* iPhone1,1.png in Resources */,
				FC7566E125FBE4A100CAF396 /* iPhone8,1.png in Resources */,
				FC7566EE25FBE4A100CAF396 /* iPhone7,2.png in Resources */,
				FC7566C525FBE4A100CAF396 /* iPhone1,2.png in Resources */,
				FC7566B525FBE4A100CAF396 /* iPhone11,8.png in Resources */,
				FC75672225FBE4A100CAF396 /* iPhone9,4.png in Resources */,
				FC75672025FBE4A100CAF396 /* iPad5,4.png in Resources */,
				FC75672F25FBF5A300CAF396 /* iphone.json in Resources */,
				FC7566F925FBE4A100CAF396 /* iPad3,4.png in Resources */,
				FC7566BF25FBE4A100CAF396 /* AppleTV2,1.png in Resources */,
				FC7566B725FBE4A100CAF396 /* MacBookPro17,1.png in Resources */,
				FC75670025FBE4A100CAF396 /* iPad7,12.png in Resources */,
				FC75670A25FBE4A100CAF396 /* iPhone3,2.png in Resources */,
				FC7566EB25FBE4A100CAF396 /* iPad7,2.png in Resources */,
				FC75670325FBE4A100CAF396 /* iPad6,11.png in Resources */,
				FC75671725FBE4A100CAF396 /* iPhone10,3.png in Resources */,
				FC7566C825FBE4A100CAF396 /* iPad4,8.png in Resources */,
				FC75672125FBE4A100CAF396 /* iPhone9,2.png in Resources */,
				FC7566C725FBE4A100CAF396 /* iPod5,1.png in Resources */,
				FC7566DB25FBE4A100CAF396 /* iPad4,1.png in Resources */,
				FC7566D025FBE4A100CAF396 /* iPad6,7.png in Resources */,
				FC75671925FBE4A100CAF396 /* iPhone3,3.png in Resources */,
				FC75670E25FBE4A100CAF396 /* iPod1,1.png in Resources */,
				FC7566F725FBE4A100CAF396 /* iPhone8,2.png in Resources */,
				FC7566C625FBE4A100CAF396 /* iPhone7,1.png in Resources */,
				FC75670225FBE4A100CAF396 /* iPad11,1.png in Resources */,
				FC7566F125FBE4A100CAF396 /* iPad6,8.png in Resources */,
				FC75671D25FBE4A100CAF396 /* iPhone12,3.png in Resources */,
				FC7566B225FBE4A100CAF396 /* iPhone5,2.png in Resources */,
				FC75671425FBE4A100CAF396 /* iPod4,1.png in Resources */,
				FC7566F425FBE4A100CAF396 /* iPad11,7.png in Resources */,
				FC75671125FBE4A100CAF396 /* iPhone13,1.png in Resources */,
				FC7566DF25FBE4A100CAF396 /* Macmini9,1.png in Resources */,
				FC7566CB25FBE4A100CAF396 /* AppleTV3,1.png in Resources */,
				FC75671525FBE4A100CAF396 /* iPad8,3.png in Resources */,
				FC7566DE25FBE4A100CAF396 /* iPhone10,1.png in Resources */,
				FC7566C025FBE4A100CAF396 /* iPad2,6.png in Resources */,
				FC75671E25FBE4A100CAF396 /* iPad6,4.png in Resources */,
				FC7566F525FBE4A100CAF396 /* iPad11,2.png in Resources */,
				FC75671825FBE4A100CAF396 /* iPad11,6.png in Resources */,
				FC7566B925FBE4A100CAF396 /* iPhone13,3.png in Resources */,
				FC7566C225FBE4A100CAF396 /* iPad8,10.png in Resources */,
				FC75673025FBF5A300CAF396 /* mac.json in Resources */,
				FC75671B25FBE4A100CAF396 /* iPad7,6.png in Resources */,
				FC7566F225FBE4A100CAF396 /* iPhone10,6.png in Resources */,
				FC7566D825FBE4A100CAF396 /* iPhone6,2.png in Resources */,
				FC75671C25FBE4A100CAF396 /* iPhone5,3.png in Resources */,
				FC75670825FBE4A100CAF396 /* iPad3,3.png in Resources */,
				FC7566FE25FBE4A100CAF396 /* iPad13,1.png in Resources */,
				FC75671F25FBE4A100CAF396 /* iPad4,5.png in Resources */,
				FC75671225FBE4A100CAF396 /* iPad8,4.png in Resources */,
				FC7566C125FBE4A100CAF396 /* iPhone10,2.png in Resources */,
				FC7566C925FBE4A100CAF396 /* iPad4,6.png in Resources */,
				FC75670925FBE4A100CAF396 /* iPad3,5.png in Resources */,
				FC75673425FBF5A300CAF396 /* ipad.json in Resources */,
				FC7566F325FBE4A100CAF396 /* AppleTV3,2.png in Resources */,
				FC7566AE25FBE4A100CAF396 /* iPad13,2.png in Resources */,
				FC7566F625FBE4A100CAF396 /* iPhone13,4.png in Resources */,
				FC7566B425FBE4A100CAF396 /* AppleTV5,3.png in Resources */,
				FC7566B125FBE4A100CAF396 /* iPad8,12.png in Resources */,
				FC7566B625FBE4A100CAF396 /* iPad6,3.png in Resources */,
				FC7566D225FBE4A100CAF396 /* iPad3,1.png in Resources */,
				FC75672525FBE4C200CAF396 /* iBridge.png in Resources */,
				FC7566B825FBE4A100CAF396 /* iPad1,1.png in Resources */,
				FC7566D425FBE4A100CAF396 /* iPhone6,1.png in Resources */,
				FC7566FF25FBE4A100CAF396 /* iPhone9,1.png in Resources */,
				FC7566FB25FBE4A100CAF396 /* iPhone12,1.png in Resources */,
				FC7566C325FBE4A100CAF396 /* iPhone11,6.png in Resources */,
				FC7566D625FBE4A100CAF396 /* iPad4,9.png in Resources */,
				FC7566E725FBE4A100CAF396 /* iPad5,3.png in Resources */,
				FC7566CF25FBE4A100CAF396 /* iPod3,1.png in Resources */,
				FC7566CC25FBE4A100CAF396 /* iPad8,6.png in Resources */,
				FC75673325FBF5A300CAF396 /* etc.json in Resources */,
				FC75670725FBE4A100CAF396 /* iPad8,9.png in Resources */,
				FC75670D25FBE4A100CAF396 /* iPad8,5.png in Resources */,
				FC7566D525FBE4A100CAF396 /* iPad5,2.png in Resources */,
				FC7566E525FBE4A100CAF396 /* iPad2,3.png in Resources */,
				FC75671625FBE4A100CAF396 /* iPhone10,5.png in Resources */,
				FC75671325FBE4A100CAF396 /* ADP3,2.png in Resources */,
				FC7566DD25FBE4A100CAF396 /* iPod7,1.png in Resources */,
				FC7566BD25FBE4A100CAF396 /* iPod2,1.png in Resources */,
				FC7566DA25FBE4A100CAF396 /* iPad3,2.png in Resources */,
				FC75671025FBE4A100CAF396 /* iPhone3,1.png in Resources */,
				FC7566E825FBE4A100CAF396 /* iPhone9,3.png in Resources */,
				FC7566ED25FBE4A100CAF396 /* iPad7,3.png in Resources */,
				FC1E634A25FB917E009DFBFD /* Assets.xcassets in Resources */,
				FC7566DC25FBE4A100CAF396 /* iPhone2,1.png in Resources */,
				FC7566FD25FBE4A100CAF396 /* iPad4,7.png in Resources */,
				FC75670525FBE4A100CAF396 /* AudioAccessory5,1.png in Resources */,
				FC7566D125FBE4A100CAF396 /* iPad8,7.png in Resources */,
				FC75673225FBF5A300CAF396 /* ipod.json in Resources */,
				FC75670F25FBE4A100CAF396 /* iPad11,4.png in Resources */,
				FC7566FC25FBE4A100CAF396 /* MacBookAir10,1.png in Resources */,
				FC7566BC25FBE4A100CAF396 /* iPad2,5.png in Resources */,
				FC75673125FBF5A300CAF396 /* t2.json in Resources */,
				FC7566BA25FBE4A100CAF396 /* iPad6,12.png in Resources */,
				FC7566AF25FBE4A100CAF396 /* iPad7,4.png in Resources */,
				FC7566FA25FBE4A100CAF396 /* iPad2,1.png in Resources */,
				FC7566BB25FBE4A100CAF396 /* iPad5,1.png in Resources */,
				FC7566EF25FBE4A100CAF396 /* iPhone10,4.png in Resources */,
				FC75670B25FBE4A100CAF396 /* iPad8,8.png in Resources */,
				FC7566D925FBE4A100CAF396 /* iPad4,4.png in Resources */,
				FC7566CD25FBE4A100CAF396 /* iPod9,1.png in Resources */,
				FC7566E625FBE4A100CAF396 /* iPad2,4.png in Resources */,
				FC75670425FBE4A100CAF396 /* iPhone11,4.png in Resources */,
				FC75670C25FBE4A100CAF396 /* iPhone8,4.png in Resources */,
				FC7566D325FBE4A100CAF396 /* iPad11,3.png in Resources */,
				FC7566E925FBE4A100CAF396 /* iPhone11,2.png in Resources */,
				FC7566B025FBE4A100CAF396 /* iPad8,2.png in Resources */,
			);
			runOnlyForDeploymentPostprocessing = 0;
		};
/* End PBXResourcesBuildPhase section */

/* Begin PBXShellScriptBuildPhase section */
		FC1C086C25FBF8C400B8F681 /* ShellScript */ = {
			isa = PBXShellScriptBuildPhase;
			buildActionMask = 2147483647;
			files = (
			);
			inputFileListPaths = (
			);
			inputPaths = (
			);
			outputFileListPaths = (
			);
			outputPaths = (
			);
			runOnlyForDeploymentPostprocessing = 0;
			shellPath = /bin/sh;
			shellScript = "xattr -cr ~/Library/Developer/Xcode/DerivedData || echo Clear\n";
		};
/* End PBXShellScriptBuildPhase section */

/* Begin PBXSourcesBuildPhase section */
		FC1E633E25FB917D009DFBFD /* Sources */ = {
			isa = PBXSourcesBuildPhase;
			buildActionMask = 2147483647;
			files = (
				FC75662D25FB926100CAF396 /* DownloadView.swift in Sources */,
				FC1E634825FB917E009DFBFD /* ContentView.swift in Sources */,
				FC75663025FB927100CAF396 /* ExtractView.swift in Sources */,
				FC75673725FBF5DB00CAF396 /* devices.swift in Sources */,
				FC1E634625FB917E009DFBFD /* ipswtoolApp.swift in Sources */,
			);
			runOnlyForDeploymentPostprocessing = 0;
		};
/* End PBXSourcesBuildPhase section */

/* Begin XCBuildConfiguration section */
		FC1E635025FB917E009DFBFD /* Debug */ = {
			isa = XCBuildConfiguration;
			buildSettings = {
				ALWAYS_SEARCH_USER_PATHS = NO;
				CLANG_ANALYZER_NONNULL = YES;
				CLANG_ANALYZER_NUMBER_OBJECT_CONVERSION = YES_AGGRESSIVE;
				CLANG_CXX_LANGUAGE_STANDARD = "gnu++14";
				CLANG_CXX_LIBRARY = "libc++";
				CLANG_ENABLE_MODULES = YES;
				CLANG_ENABLE_OBJC_ARC = YES;
				CLANG_ENABLE_OBJC_WEAK = YES;
				CLANG_WARN_BLOCK_CAPTURE_AUTORELEASING = YES;
				CLANG_WARN_BOOL_CONVERSION = YES;
				CLANG_WARN_COMMA = YES;
				CLANG_WARN_CONSTANT_CONVERSION = YES;
				CLANG_WARN_DEPRECATED_OBJC_IMPLEMENTATIONS = YES;
				CLANG_WARN_DIRECT_OBJC_ISA_USAGE = YES_ERROR;
				CLANG_WARN_DOCUMENTATION_COMMENTS = YES;
				CLANG_WARN_EMPTY_BODY = YES;
				CLANG_WARN_ENUM_CONVERSION = YES;
				CLANG_WARN_INFINITE_RECURSION = YES;
				CLANG_WARN_INT_CONVERSION = YES;
				CLANG_WARN_NON_LITERAL_NULL_CONVERSION = YES;
				CLANG_WARN_OBJC_IMPLICIT_RETAIN_SELF = YES;
				CLANG_WARN_OBJC_LITERAL_CONVERSION = YES;
				CLANG_WARN_OBJC_ROOT_CLASS = YES_ERROR;
				CLANG_WARN_QUOTED_INCLUDE_IN_FRAMEWORK_HEADER = YES;
				CLANG_WARN_RANGE_LOOP_ANALYSIS = YES;
				CLANG_WARN_STRICT_PROTOTYPES = YES;
				CLANG_WARN_SUSPICIOUS_MOVE = YES;
				CLANG_WARN_UNGUARDED_AVAILABILITY = YES_AGGRESSIVE;
				CLANG_WARN_UNREACHABLE_CODE = YES;
				CLANG_WARN__DUPLICATE_METHOD_MATCH = YES;
				COPY_PHASE_STRIP = NO;
				DEBUG_INFORMATION_FORMAT = dwarf;
				ENABLE_STRICT_OBJC_MSGSEND = YES;
				ENABLE_TESTABILITY = YES;
				GCC_C_LANGUAGE_STANDARD = gnu11;
				GCC_DYNAMIC_NO_PIC = NO;
				GCC_NO_COMMON_BLOCKS = YES;
				GCC_OPTIMIZATION_LEVEL = 0;
				GCC_PREPROCESSOR_DEFINITIONS = (
					"DEBUG=1",
					"$(inherited)",
				);
				GCC_WARN_64_TO_32_BIT_CONVERSION = YES;
				GCC_WARN_ABOUT_RETURN_TYPE = YES_ERROR;
				GCC_WARN_UNDECLARED_SELECTOR = YES;
				GCC_WARN_UNINITIALIZED_AUTOS = YES_AGGRESSIVE;
				GCC_WARN_UNUSED_FUNCTION = YES;
				GCC_WARN_UNUSED_VARIABLE = YES;
				MACOSX_DEPLOYMENT_TARGET = 11.1;
				MTL_ENABLE_DEBUG_INFO = INCLUDE_SOURCE;
				MTL_FAST_MATH = YES;
				ONLY_ACTIVE_ARCH = YES;
				SDKROOT = macosx;
				SWIFT_ACTIVE_COMPILATION_CONDITIONS = DEBUG;
				SWIFT_OPTIMIZATION_LEVEL = "-Onone";
			};
			name = Debug;
		};
		FC1E635125FB917E009DFBFD /* Release */ = {
			isa = XCBuildConfiguration;
			buildSettings = {
				ALWAYS_SEARCH_USER_PATHS = NO;
				CLANG_ANALYZER_NONNULL = YES;
				CLANG_ANALYZER_NUMBER_OBJECT_CONVERSION = YES_AGGRESSIVE;
				CLANG_CXX_LANGUAGE_STANDARD = "gnu++14";
				CLANG_CXX_LIBRARY = "libc++";
				CLANG_ENABLE_MODULES = YES;
				CLANG_ENABLE_OBJC_ARC = YES;
				CLANG_ENABLE_OBJC_WEAK = YES;
				CLANG_WARN_BLOCK_CAPTURE_AUTORELEASING = YES;
				CLANG_WARN_BOOL_CONVERSION = YES;
				CLANG_WARN_COMMA = YES;
				CLANG_WARN_CONSTANT_CONVERSION = YES;
				CLANG_WARN_DEPRECATED_OBJC_IMPLEMENTATIONS = YES;
				CLANG_WARN_DIRECT_OBJC_ISA_USAGE = YES_ERROR;
				CLANG_WARN_DOCUMENTATION_COMMENTS = YES;
				CLANG_WARN_EMPTY_BODY = YES;
				CLANG_WARN_ENUM_CONVERSION = YES;
				CLANG_WARN_INFINITE_RECURSION = YES;
				CLANG_WARN_INT_CONVERSION = YES;
				CLANG_WARN_NON_LITERAL_NULL_CONVERSION = YES;
				CLANG_WARN_OBJC_IMPLICIT_RETAIN_SELF = YES;
				CLANG_WARN_OBJC_LITERAL_CONVERSION = YES;
				CLANG_WARN_OBJC_ROOT_CLASS = YES_ERROR;
				CLANG_WARN_QUOTED_INCLUDE_IN_FRAMEWORK_HEADER = YES;
				CLANG_WARN_RANGE_LOOP_ANALYSIS = YES;
				CLANG_WARN_STRICT_PROTOTYPES = YES;
				CLANG_WARN_SUSPICIOUS_MOVE = YES;
				CLANG_WARN_UNGUARDED_AVAILABILITY = YES_AGGRESSIVE;
				CLANG_WARN_UNREACHABLE_CODE = YES;
				CLANG_WARN__DUPLICATE_METHOD_MATCH = YES;
				COPY_PHASE_STRIP = NO;
				DEBUG_INFORMATION_FORMAT = "dwarf-with-dsym";
				ENABLE_NS_ASSERTIONS = NO;
				ENABLE_STRICT_OBJC_MSGSEND = YES;
				GCC_C_LANGUAGE_STANDARD = gnu11;
				GCC_NO_COMMON_BLOCKS = YES;
				GCC_WARN_64_TO_32_BIT_CONVERSION = YES;
				GCC_WARN_ABOUT_RETURN_TYPE = YES_ERROR;
				GCC_WARN_UNDECLARED_SELECTOR = YES;
				GCC_WARN_UNINITIALIZED_AUTOS = YES_AGGRESSIVE;
				GCC_WARN_UNUSED_FUNCTION = YES;
				GCC_WARN_UNUSED_VARIABLE = YES;
				MACOSX_DEPLOYMENT_TARGET = 11.1;
				MTL_ENABLE_DEBUG_INFO = NO;
				MTL_FAST_MATH = YES;
				SDKROOT = macosx;
				SWIFT_COMPILATION_MODE = wholemodule;
				SWIFT_OPTIMIZATION_LEVEL = "-O";
			};
			name = Release;
		};
		FC1E635325FB917E009DFBFD /* Debug */ = {
			isa = XCBuildConfiguration;
			buildSettings = {
				ASSETCATALOG_COMPILER_APPICON_NAME = AppIcon;
				ASSETCATALOG_COMPILER_GLOBAL_ACCENT_COLOR_NAME = AccentColor;
				CODE_SIGN_ENTITLEMENTS = ipswtool/ipswtool.entitlements;
				CODE_SIGN_STYLE = Automatic;
				COMBINE_HIDPI_IMAGES = YES;
				DEVELOPMENT_ASSET_PATHS = "\"ipswtool/Preview Content\"";
				DEVELOPMENT_TEAM = 6U62KX7862;
				ENABLE_HARDENED_RUNTIME = YES;
				ENABLE_PREVIEWS = YES;
				INFOPLIST_FILE = ipswtool/Info.plist;
				LD_RUNPATH_SEARCH_PATHS = (
					"$(inherited)",
					"@executable_path/../Frameworks",
				);
				MACOSX_DEPLOYMENT_TARGET = 11.0;
				PRODUCT_BUNDLE_IDENTIFIER = fxrcha.ipswtool;
				PRODUCT_NAME = "$(TARGET_NAME)";
				SWIFT_VERSION = 5.0;
			};
			name = Debug;
		};
		FC1E635425FB917E009DFBFD /* Release */ = {
			isa = XCBuildConfiguration;
			buildSettings = {
				ASSETCATALOG_COMPILER_APPICON_NAME = AppIcon;
				ASSETCATALOG_COMPILER_GLOBAL_ACCENT_COLOR_NAME = AccentColor;
				CODE_SIGN_ENTITLEMENTS = ipswtool/ipswtool.entitlements;
				CODE_SIGN_STYLE = Automatic;
				COMBINE_HIDPI_IMAGES = YES;
				DEVELOPMENT_ASSET_PATHS = "\"ipswtool/Preview Content\"";
				DEVELOPMENT_TEAM = 6U62KX7862;
				ENABLE_HARDENED_RUNTIME = YES;
				ENABLE_PREVIEWS = YES;
				INFOPLIST_FILE = ipswtool/Info.plist;
				LD_RUNPATH_SEARCH_PATHS = (
					"$(inherited)",
					"@executable_path/../Frameworks",
				);
				MACOSX_DEPLOYMENT_TARGET = 11.0;
				PRODUCT_BUNDLE_IDENTIFIER = fxrcha.ipswtool;
				PRODUCT_NAME = "$(TARGET_NAME)";
				SWIFT_VERSION = 5.0;
			};
			name = Release;
		};
/* End XCBuildConfiguration section */

/* Begin XCConfigurationList section */
		FC1E633D25FB917D009DFBFD /* Build configuration list for PBXProject "ipswtool" */ = {
			isa = XCConfigurationList;
			buildConfigurations = (
				FC1E635025FB917E009DFBFD /* Debug */,
				FC1E635125FB917E009DFBFD /* Release */,
			);
			defaultConfigurationIsVisible = 0;
			defaultConfigurationName = Release;
		};
		FC1E635225FB917E009DFBFD /* Build configuration list for PBXNativeTarget "ipswtool" */ = {
			isa = XCConfigurationList;
			buildConfigurations = (
				FC1E635325FB917E009DFBFD /* Debug */,
				FC1E635425FB917E009DFBFD /* Release */,
			);
			defaultConfigurationIsVisible = 0;
			defaultConfigurationName = Release;
		};
/* End XCConfigurationList section */
	};
	rootObject = FC1E633A25FB917D009DFBFD /* Project object */;
}
